// !$*UTF8*$!
{
	archiveVersion = 1;
	classes = {
	};
	objectVersion = 46;
	objects = {

/* Begin PBXBuildFile section */
		7B1692B71987586C008C4EBC /* MJPopupBackgroundView.m in Sources */ = {isa = PBXBuildFile; fileRef = 7B1692B41987586C008C4EBC /* MJPopupBackgroundView.m */; };
		7B1692B81987586C008C4EBC /* UIViewController+MJPopupViewController.m in Sources */ = {isa = PBXBuildFile; fileRef = 7B1692B61987586C008C4EBC /* UIViewController+MJPopupViewController.m */; };
		7B1692BB19875C0D008C4EBC /* LbadDateSelectorViewController.m in Sources */ = {isa = PBXBuildFile; fileRef = 7B1692BA19875C0D008C4EBC /* LbadDateSelectorViewController.m */; };
		7B16930919878C5D008C4EBC /* LbadCalendarView.m in Sources */ = {isa = PBXBuildFile; fileRef = 7B16930819878C5D008C4EBC /* LbadCalendarView.m */; };
		7B16930F19879147008C4EBC /* LbadDateSquare.m in Sources */ = {isa = PBXBuildFile; fileRef = 7B16930E19879147008C4EBC /* LbadDateSquare.m */; };
		7B1693211988F7EC008C4EBC /* left.png in Resources */ = {isa = PBXBuildFile; fileRef = 7B16931F1988F7EC008C4EBC /* left.png */; };
		7B1693221988F7EC008C4EBC /* right.png in Resources */ = {isa = PBXBuildFile; fileRef = 7B1693201988F7EC008C4EBC /* right.png */; };
		7B1693251989090E008C4EBC /* DateUtils.m in Sources */ = {isa = PBXBuildFile; fileRef = 7B1693241989090E008C4EBC /* DateUtils.m */; };
		7B18D2AE19AC6216004A31D4 /* SettlementListViewController.m in Sources */ = {isa = PBXBuildFile; fileRef = 7B18D2AC19AC6216004A31D4 /* SettlementListViewController.m */; };
		7B18D2AF19AC6216004A31D4 /* SettlementListViewController.xib in Resources */ = {isa = PBXBuildFile; fileRef = 7B18D2AD19AC6216004A31D4 /* SettlementListViewController.xib */; };
		7B18D2BB19AC7E20004A31D4 /* TotalPanCountCell.m in Sources */ = {isa = PBXBuildFile; fileRef = 7B18D2B919AC7E20004A31D4 /* TotalPanCountCell.m */; };
		7B18D2BC19AC7E20004A31D4 /* TotalPanCountCell.xib in Resources */ = {isa = PBXBuildFile; fileRef = 7B18D2BA19AC7E20004A31D4 /* TotalPanCountCell.xib */; };
		7B18D2C019AC810B004A31D4 /* CollectionAmountCell.m in Sources */ = {isa = PBXBuildFile; fileRef = 7B18D2BE19AC810B004A31D4 /* CollectionAmountCell.m */; };
		7B18D2C119AC810B004A31D4 /* CollectionAmountCell.xib in Resources */ = {isa = PBXBuildFile; fileRef = 7B18D2BF19AC810B004A31D4 /* CollectionAmountCell.xib */; };
		7B18D2C519AC812E004A31D4 /* PaymentAmountCell.m in Sources */ = {isa = PBXBuildFile; fileRef = 7B18D2C319AC812E004A31D4 /* PaymentAmountCell.m */; };
		7B18D2C619AC812E004A31D4 /* PaymentAmountCell.xib in Resources */ = {isa = PBXBuildFile; fileRef = 7B18D2C419AC812E004A31D4 /* PaymentAmountCell.xib */; };
		7B18D2C919AC8DC6004A31D4 /* BillService.m in Sources */ = {isa = PBXBuildFile; fileRef = 7B18D2C819AC8DC6004A31D4 /* BillService.m */; };
		7B18D2CD19ADB76E004A31D4 /* AccountListViewController.m in Sources */ = {isa = PBXBuildFile; fileRef = 7B18D2CB19ADB76E004A31D4 /* AccountListViewController.m */; };
		7B18D2CE19ADB76E004A31D4 /* AccountListViewController.xib in Resources */ = {isa = PBXBuildFile; fileRef = 7B18D2CC19ADB76E004A31D4 /* AccountListViewController.xib */; };
		7B2204A9199AFE9600A1757A /* back_clear.png in Resources */ = {isa = PBXBuildFile; fileRef = 7B2204A8199AFE9600A1757A /* back_clear.png */; };
		7B2204AB199AFE9D00A1757A /* more_clear.png in Resources */ = {isa = PBXBuildFile; fileRef = 7B2204AA199AFE9D00A1757A /* more_clear.png */; };
		7B2204B4199B05D700A1757A /* ExpendMoneyCell.m in Sources */ = {isa = PBXBuildFile; fileRef = 7B2204B2199B05D700A1757A /* ExpendMoneyCell.m */; };
		7B2204B5199B05D700A1757A /* ExpendMoneyCell.xib in Resources */ = {isa = PBXBuildFile; fileRef = 7B2204B3199B05D700A1757A /* ExpendMoneyCell.xib */; };
		7B2204C0199B170100A1757A /* snow.png in Resources */ = {isa = PBXBuildFile; fileRef = 7B2204B8199B170100A1757A /* snow.png */; };
		7B2204C1199B170100A1757A /* sunny.png in Resources */ = {isa = PBXBuildFile; fileRef = 7B2204B9199B170100A1757A /* sunny.png */; };
		7B2204C2199B170100A1757A /* thunder.png in Resources */ = {isa = PBXBuildFile; fileRef = 7B2204BA199B170100A1757A /* thunder.png */; };
		7B2204C3199B170100A1757A /* cloudsun.png in Resources */ = {isa = PBXBuildFile; fileRef = 7B2204BB199B170100A1757A /* cloudsun.png */; };
		7B2204C7199B170100A1757A /* torrentrain.png in Resources */ = {isa = PBXBuildFile; fileRef = 7B2204BF199B170100A1757A /* torrentrain.png */; };
		7B2204CD199B31C300A1757A /* WeatherVO.m in Sources */ = {isa = PBXBuildFile; fileRef = 7B2204CC199B31C300A1757A /* WeatherVO.m */; };
		7B2204D0199B33A900A1757A /* TravelRouteCellVO.m in Sources */ = {isa = PBXBuildFile; fileRef = 7B2204CF199B33A900A1757A /* TravelRouteCellVO.m */; };
		7B2204D4199B444600A1757A /* TravelRouteCell.m in Sources */ = {isa = PBXBuildFile; fileRef = 7B2204D2199B444600A1757A /* TravelRouteCell.m */; };
		7B2204D5199B444600A1757A /* TravelRouteCell.xib in Resources */ = {isa = PBXBuildFile; fileRef = 7B2204D3199B444600A1757A /* TravelRouteCell.xib */; };
		7B2204DC199B45A600A1757A /* WeatherCell.m in Sources */ = {isa = PBXBuildFile; fileRef = 7B2204DA199B45A500A1757A /* WeatherCell.m */; };
		7B2204DD199B45A600A1757A /* WeatherCell.xib in Resources */ = {isa = PBXBuildFile; fileRef = 7B2204DB199B45A500A1757A /* WeatherCell.xib */; };
		7B2204E0199B5B8100A1757A /* CommonUtils.m in Sources */ = {isa = PBXBuildFile; fileRef = 7B2204DF199B5B8100A1757A /* CommonUtils.m */; };
		7B2204E2199B63CC00A1757A /* back.png in Resources */ = {isa = PBXBuildFile; fileRef = 7B2204E1199B63CC00A1757A /* back.png */; };
		7B2204E4199B642000A1757A /* more.png in Resources */ = {isa = PBXBuildFile; fileRef = 7B2204E3199B642000A1757A /* more.png */; };
		7B24857F199A074800C387E1 /* liuqiang.png in Resources */ = {isa = PBXBuildFile; fileRef = 7B24857E199A074800C387E1 /* liuqiang.png */; };
		7B248581199A0B1500C387E1 /* message.png in Resources */ = {isa = PBXBuildFile; fileRef = 7B248580199A0B1500C387E1 /* message.png */; };
		7B248583199A0B1A00C387E1 /* paylist.png in Resources */ = {isa = PBXBuildFile; fileRef = 7B248582199A0B1A00C387E1 /* paylist.png */; };
		7B248585199A0B1E00C387E1 /* peoples.png in Resources */ = {isa = PBXBuildFile; fileRef = 7B248584199A0B1E00C387E1 /* peoples.png */; };
		7B248587199A0D9B00C387E1 /* config.png in Resources */ = {isa = PBXBuildFile; fileRef = 7B248586199A0D9B00C387E1 /* config.png */; };
		7B24858A199A13CD00C387E1 /* ExpendVO.m in Sources */ = {isa = PBXBuildFile; fileRef = 7B248589199A13CD00C387E1 /* ExpendVO.m */; };
		7B24858C199A1DC300C387E1 /* wangbaoqiang.jpeg in Resources */ = {isa = PBXBuildFile; fileRef = 7B24858B199A1DC300C387E1 /* wangbaoqiang.jpeg */; };
		7B2BFF25198F6DF6000BE62E /* ButtonWithNumTipView.m in Sources */ = {isa = PBXBuildFile; fileRef = 7B2BFF24198F6DF6000BE62E /* ButtonWithNumTipView.m */; };
		7B5A127A1981F0A800482191 /* Foundation.framework in Frameworks */ = {isa = PBXBuildFile; fileRef = 7B5A12791981F0A800482191 /* Foundation.framework */; };
		7B5A127C1981F0A800482191 /* CoreGraphics.framework in Frameworks */ = {isa = PBXBuildFile; fileRef = 7B5A127B1981F0A800482191 /* CoreGraphics.framework */; };
		7B5A127E1981F0A800482191 /* UIKit.framework in Frameworks */ = {isa = PBXBuildFile; fileRef = 7B5A127D1981F0A800482191 /* UIKit.framework */; };
		7B5A12841981F0A900482191 /* InfoPlist.strings in Resources */ = {isa = PBXBuildFile; fileRef = 7B5A12821981F0A900482191 /* InfoPlist.strings */; };
		7B5A12861981F0A900482191 /* main.m in Sources */ = {isa = PBXBuildFile; fileRef = 7B5A12851981F0A900482191 /* main.m */; };
		7B5A128A1981F0A900482191 /* AppDelegate.m in Sources */ = {isa = PBXBuildFile; fileRef = 7B5A12891981F0A900482191 /* AppDelegate.m */; };
		7B5A128C1981F0A900482191 /* Images.xcassets in Resources */ = {isa = PBXBuildFile; fileRef = 7B5A128B1981F0A900482191 /* Images.xcassets */; };
		7B5A12931981F0A900482191 /* XCTest.framework in Frameworks */ = {isa = PBXBuildFile; fileRef = 7B5A12921981F0A900482191 /* XCTest.framework */; };
		7B5A12941981F0A900482191 /* Foundation.framework in Frameworks */ = {isa = PBXBuildFile; fileRef = 7B5A12791981F0A800482191 /* Foundation.framework */; };
		7B5A12951981F0A900482191 /* UIKit.framework in Frameworks */ = {isa = PBXBuildFile; fileRef = 7B5A127D1981F0A800482191 /* UIKit.framework */; };
		7B5A129D1981F0A900482191 /* InfoPlist.strings in Resources */ = {isa = PBXBuildFile; fileRef = 7B5A129B1981F0A900482191 /* InfoPlist.strings */; };
		7B5A129F1981F0A900482191 /* lbadTests.m in Sources */ = {isa = PBXBuildFile; fileRef = 7B5A129E1981F0A900482191 /* lbadTests.m */; };
		7B5A12B9198220FC00482191 /* LoginHomeViewController.m in Sources */ = {isa = PBXBuildFile; fileRef = 7B5A12B7198220FC00482191 /* LoginHomeViewController.m */; };
		7B5A12BA198220FC00482191 /* LoginHomeViewController.xib in Resources */ = {isa = PBXBuildFile; fileRef = 7B5A12B8198220FC00482191 /* LoginHomeViewController.xib */; };
		7B5A12BC1982216100482191 /* login_bg.png in Resources */ = {isa = PBXBuildFile; fileRef = 7B5A12BB1982216100482191 /* login_bg.png */; };
		7B5A12C01982226300482191 /* HomePageViewController.m in Sources */ = {isa = PBXBuildFile; fileRef = 7B5A12BE1982226300482191 /* HomePageViewController.m */; };
		7B5A12C11982226300482191 /* HomePageViewController.xib in Resources */ = {isa = PBXBuildFile; fileRef = 7B5A12BF1982226300482191 /* HomePageViewController.xib */; };
		7B5A12C41982465200482191 /* LoginNavigationController.m in Sources */ = {isa = PBXBuildFile; fileRef = 7B5A12C31982465200482191 /* LoginNavigationController.m */; };
		7B5A12C71982480C00482191 /* HomeNavigationController.m in Sources */ = {isa = PBXBuildFile; fileRef = 7B5A12C61982480C00482191 /* HomeNavigationController.m */; };
		7B5A12CE198250CA00482191 /* CreateJourneyViewController.m in Sources */ = {isa = PBXBuildFile; fileRef = 7B5A12CC198250CA00482191 /* CreateJourneyViewController.m */; };
		7B5A12CF198250CB00482191 /* CreateJourneyViewController.xib in Resources */ = {isa = PBXBuildFile; fileRef = 7B5A12CD198250CA00482191 /* CreateJourneyViewController.xib */; };
		7B5F384E1991FF8B00177671 /* LoginService.m in Sources */ = {isa = PBXBuildFile; fileRef = 7B5F384D1991FF8B00177671 /* LoginService.m */; };
		7B7850831991D5A800214260 /* NSAlert+MKNetworkKitAdditions.m in Sources */ = {isa = PBXBuildFile; fileRef = 7B78506E1991D5A800214260 /* NSAlert+MKNetworkKitAdditions.m */; };
		7B7850841991D5A800214260 /* NSData+MKBase64.m in Sources */ = {isa = PBXBuildFile; fileRef = 7B7850701991D5A800214260 /* NSData+MKBase64.m */; };
		7B7850851991D5A800214260 /* NSDate+RFC1123.m in Sources */ = {isa = PBXBuildFile; fileRef = 7B7850721991D5A800214260 /* NSDate+RFC1123.m */; };
		7B7850861991D5A800214260 /* NSDictionary+RequestEncoding.m in Sources */ = {isa = PBXBuildFile; fileRef = 7B7850741991D5A800214260 /* NSDictionary+RequestEncoding.m */; };
		7B7850871991D5A800214260 /* NSString+MKNetworkKitAdditions.m in Sources */ = {isa = PBXBuildFile; fileRef = 7B7850761991D5A800214260 /* NSString+MKNetworkKitAdditions.m */; };
		7B7850881991D5A800214260 /* UIAlertView+MKNetworkKitAdditions.m in Sources */ = {isa = PBXBuildFile; fileRef = 7B7850781991D5A800214260 /* UIAlertView+MKNetworkKitAdditions.m */; };
		7B7850891991D5A800214260 /* UIImageView+MKNetworkKitAdditions.m in Sources */ = {isa = PBXBuildFile; fileRef = 7B78507A1991D5A800214260 /* UIImageView+MKNetworkKitAdditions.m */; };
		7B78508A1991D5A800214260 /* MKNetworkEngine.m in Sources */ = {isa = PBXBuildFile; fileRef = 7B78507C1991D5A800214260 /* MKNetworkEngine.m */; };
		7B78508B1991D5A800214260 /* MKNetworkOperation.m in Sources */ = {isa = PBXBuildFile; fileRef = 7B78507F1991D5A800214260 /* MKNetworkOperation.m */; };
		7B78508C1991D5A800214260 /* Reachability.m in Sources */ = {isa = PBXBuildFile; fileRef = 7B7850821991D5A800214260 /* Reachability.m */; };
		7B78508E1991EAE400214260 /* CFNetwork.framework in Frameworks */ = {isa = PBXBuildFile; fileRef = 7B78508D1991EAE400214260 /* CFNetwork.framework */; };
		7B7850901991EAF100214260 /* SystemConfiguration.framework in Frameworks */ = {isa = PBXBuildFile; fileRef = 7B78508F1991EAF100214260 /* SystemConfiguration.framework */; };
		7B7850921991EAFB00214260 /* Security.framework in Frameworks */ = {isa = PBXBuildFile; fileRef = 7B7850911991EAFB00214260 /* Security.framework */; };
		7B7850951991F67900214260 /* BaseNetEngine.m in Sources */ = {isa = PBXBuildFile; fileRef = 7B7850941991F67900214260 /* BaseNetEngine.m */; };
		7B7E4D7E19986B0B002B90DF /* JourneyMainViewController.m in Sources */ = {isa = PBXBuildFile; fileRef = 7B7E4D7C19986B0B002B90DF /* JourneyMainViewController.m */; };
		7B7E4D7F19986B0B002B90DF /* JourneyMainViewController.xib in Resources */ = {isa = PBXBuildFile; fileRef = 7B7E4D7D19986B0B002B90DF /* JourneyMainViewController.xib */; };
		7B7E4D861998952D002B90DF /* JourneyExpendListView.xib in Resources */ = {isa = PBXBuildFile; fileRef = 7B7E4D851998952D002B90DF /* JourneyExpendListView.xib */; };
		7B7E4D8919989784002B90DF /* JourneyExpendListView.m in Sources */ = {isa = PBXBuildFile; fileRef = 7B7E4D8819989784002B90DF /* JourneyExpendListView.m */; };
		7B7E4D8D1998A23F002B90DF /* JourneyTravelersView.xib in Resources */ = {isa = PBXBuildFile; fileRef = 7B7E4D8C1998A23F002B90DF /* JourneyTravelersView.xib */; };
		7B7E4D901998A24C002B90DF /* JourneyTravelersView.m in Sources */ = {isa = PBXBuildFile; fileRef = 7B7E4D8F1998A24C002B90DF /* JourneyTravelersView.m */; };
		7B7E4D931998A348002B90DF /* JourneyTravelRouteView.m in Sources */ = {isa = PBXBuildFile; fileRef = 7B7E4D921998A348002B90DF /* JourneyTravelRouteView.m */; };
		7B7E4D951998A361002B90DF /* JourneyTravelRouteView.xib in Resources */ = {isa = PBXBuildFile; fileRef = 7B7E4D941998A361002B90DF /* JourneyTravelRouteView.xib */; };
		7B7E4D991999A3BC002B90DF /* CHTumblrMenuView.m in Sources */ = {isa = PBXBuildFile; fileRef = 7B7E4D981999A3BC002B90DF /* CHTumblrMenuView.m */; };
		7B7E4DA21999A3E5002B90DF /* post_type_bubble_chat@2x.png in Resources */ = {isa = PBXBuildFile; fileRef = 7B7E4D9A1999A3E5002B90DF /* post_type_bubble_chat@2x.png */; };
		7B7E4DA31999A3E5002B90DF /* post_type_bubble_link@2x.png in Resources */ = {isa = PBXBuildFile; fileRef = 7B7E4D9B1999A3E5002B90DF /* post_type_bubble_link@2x.png */; };
		7B7E4DA41999A3E5002B90DF /* post_type_bubble_photo@2x.png in Resources */ = {isa = PBXBuildFile; fileRef = 7B7E4D9C1999A3E5002B90DF /* post_type_bubble_photo@2x.png */; };
		7B7E4DA51999A3E5002B90DF /* post_type_bubble_quote@2x.png in Resources */ = {isa = PBXBuildFile; fileRef = 7B7E4D9D1999A3E5002B90DF /* post_type_bubble_quote@2x.png */; };
		7B7E4DA61999A3E5002B90DF /* post_type_bubble_text@2x.png in Resources */ = {isa = PBXBuildFile; fileRef = 7B7E4D9E1999A3E5002B90DF /* post_type_bubble_text@2x.png */; };
		7B7E4DA71999A3E5002B90DF /* post_type_bubble_video@2x.png in Resources */ = {isa = PBXBuildFile; fileRef = 7B7E4D9F1999A3E5002B90DF /* post_type_bubble_video@2x.png */; };
		7B7E4DA81999A3E5002B90DF /* tab_bar_button_compose_selected@2x.png in Resources */ = {isa = PBXBuildFile; fileRef = 7B7E4DA01999A3E5002B90DF /* tab_bar_button_compose_selected@2x.png */; };
		7B7E4DA91999A3E5002B90DF /* tab_bar_button_compose_unselected@2x.png in Resources */ = {isa = PBXBuildFile; fileRef = 7B7E4DA11999A3E5002B90DF /* tab_bar_button_compose_unselected@2x.png */; };
		7B82960D19A59F84001D8A98 /* CitySingleSelectViewController.m in Sources */ = {isa = PBXBuildFile; fileRef = 7B82960B19A59F84001D8A98 /* CitySingleSelectViewController.m */; };
		7B82960E19A59F84001D8A98 /* CitySingleSelectViewController.xib in Resources */ = {isa = PBXBuildFile; fileRef = 7B82960C19A59F84001D8A98 /* CitySingleSelectViewController.xib */; };
		7B8E4A2E19A2EAE200DB223D /* AppConsts.m in Sources */ = {isa = PBXBuildFile; fileRef = 7B8E4A2D19A2EAE200DB223D /* AppConsts.m */; };
		7B8E4A3119A325EE00DB223D /* area.plist in Resources */ = {isa = PBXBuildFile; fileRef = 7B8E4A3019A325EE00DB223D /* area.plist */; };
		7B8E4A3519A3319F00DB223D /* AreaSingleSelectViewController.m in Sources */ = {isa = PBXBuildFile; fileRef = 7B8E4A3319A3319F00DB223D /* AreaSingleSelectViewController.m */; };
		7B8E4A3619A3319F00DB223D /* AreaSingleSelectViewController.xib in Resources */ = {isa = PBXBuildFile; fileRef = 7B8E4A3419A3319F00DB223D /* AreaSingleSelectViewController.xib */; };
		7BA12B3F199DCCE100DDC471 /* TravelerCell.m in Sources */ = {isa = PBXBuildFile; fileRef = 7BA12B3D199DCCE100DDC471 /* TravelerCell.m */; };
		7BA12B40199DCCE100DDC471 /* TravelerCell.xib in Resources */ = {isa = PBXBuildFile; fileRef = 7BA12B3E199DCCE100DDC471 /* TravelerCell.xib */; };
		7BA12B44199DF1AC00DDC471 /* TravelRouteTopCell.m in Sources */ = {isa = PBXBuildFile; fileRef = 7BA12B42199DF1AC00DDC471 /* TravelRouteTopCell.m */; };
		7BA12B45199DF1AC00DDC471 /* TravelRouteTopCell.xib in Resources */ = {isa = PBXBuildFile; fileRef = 7BA12B43199DF1AC00DDC471 /* TravelRouteTopCell.xib */; };
		7BA12B49199DFBAC00DDC471 /* TravelExpendTopCell.m in Sources */ = {isa = PBXBuildFile; fileRef = 7BA12B47199DFBAC00DDC471 /* TravelExpendTopCell.m */; };
		7BA12B4A199DFBAC00DDC471 /* TravelExpendTopCell.xib in Resources */ = {isa = PBXBuildFile; fileRef = 7BA12B48199DFBAC00DDC471 /* TravelExpendTopCell.xib */; };
		7BBE7FC71994699F008D22FF /* SVProgressHUD.bundle in Resources */ = {isa = PBXBuildFile; fileRef = 7BBE7FC41994699F008D22FF /* SVProgressHUD.bundle */; };
		7BBE7FC81994699F008D22FF /* SVProgressHUD.m in Sources */ = {isa = PBXBuildFile; fileRef = 7BBE7FC61994699F008D22FF /* SVProgressHUD.m */; };
		7BBE7FCB19949E69008D22FF /* TravelPlanVO.m in Sources */ = {isa = PBXBuildFile; fileRef = 7BBE7FCA19949E69008D22FF /* TravelPlanVO.m */; };
		7BBE7FCE19949F65008D22FF /* TravelPlanService.m in Sources */ = {isa = PBXBuildFile; fileRef = 7BBE7FCD19949F65008D22FF /* TravelPlanService.m */; };
		7BBE7FD11994B4FB008D22FF /* UserInfo.m in Sources */ = {isa = PBXBuildFile; fileRef = 7BBE7FD01994B4FB008D22FF /* UserInfo.m */; };
		7BF32CFA1999EA2700C7F72B /* TravelerVO.m in Sources */ = {isa = PBXBuildFile; fileRef = 7BF32CF91999EA2700C7F72B /* TravelerVO.m */; };
		7BF32CFC1999F51800C7F72B /* u12.png in Resources */ = {isa = PBXBuildFile; fileRef = 7BF32CFB1999F51800C7F72B /* u12.png */; };
/* End PBXBuildFile section */

/* Begin PBXContainerItemProxy section */
		7B5A12961981F0A900482191 /* PBXContainerItemProxy */ = {
			isa = PBXContainerItemProxy;
			containerPortal = 7B5A126E1981F0A800482191 /* Project object */;
			proxyType = 1;
			remoteGlobalIDString = 7B5A12751981F0A800482191;
			remoteInfo = lbad;
		};
/* End PBXContainerItemProxy section */

/* Begin PBXFileReference section */
		7B1692B31987586C008C4EBC /* MJPopupBackgroundView.h */ = {isa = PBXFileReference; fileEncoding = 4; lastKnownFileType = sourcecode.c.h; path = MJPopupBackgroundView.h; sourceTree = "<group>"; };
		7B1692B41987586C008C4EBC /* MJPopupBackgroundView.m */ = {isa = PBXFileReference; fileEncoding = 4; lastKnownFileType = sourcecode.c.objc; path = MJPopupBackgroundView.m; sourceTree = "<group>"; };
		7B1692B51987586C008C4EBC /* UIViewController+MJPopupViewController.h */ = {isa = PBXFileReference; fileEncoding = 4; lastKnownFileType = sourcecode.c.h; path = "UIViewController+MJPopupViewController.h"; sourceTree = "<group>"; };
		7B1692B61987586C008C4EBC /* UIViewController+MJPopupViewController.m */ = {isa = PBXFileReference; fileEncoding = 4; lastKnownFileType = sourcecode.c.objc; path = "UIViewController+MJPopupViewController.m"; sourceTree = "<group>"; };
		7B1692B919875C0D008C4EBC /* LbadDateSelectorViewController.h */ = {isa = PBXFileReference; fileEncoding = 4; lastKnownFileType = sourcecode.c.h; path = LbadDateSelectorViewController.h; sourceTree = "<group>"; };
		7B1692BA19875C0D008C4EBC /* LbadDateSelectorViewController.m */ = {isa = PBXFileReference; fileEncoding = 4; lastKnownFileType = sourcecode.c.objc; path = LbadDateSelectorViewController.m; sourceTree = "<group>"; };
		7B16930719878C5D008C4EBC /* LbadCalendarView.h */ = {isa = PBXFileReference; fileEncoding = 4; lastKnownFileType = sourcecode.c.h; path = LbadCalendarView.h; sourceTree = "<group>"; };
		7B16930819878C5D008C4EBC /* LbadCalendarView.m */ = {isa = PBXFileReference; fileEncoding = 4; lastKnownFileType = sourcecode.c.objc; path = LbadCalendarView.m; sourceTree = "<group>"; };
		7B16930D19879147008C4EBC /* LbadDateSquare.h */ = {isa = PBXFileReference; fileEncoding = 4; lastKnownFileType = sourcecode.c.h; path = LbadDateSquare.h; sourceTree = "<group>"; };
		7B16930E19879147008C4EBC /* LbadDateSquare.m */ = {isa = PBXFileReference; fileEncoding = 4; lastKnownFileType = sourcecode.c.objc; path = LbadDateSquare.m; sourceTree = "<group>"; };
		7B16931F1988F7EC008C4EBC /* left.png */ = {isa = PBXFileReference; lastKnownFileType = image.png; path = left.png; sourceTree = "<group>"; };
		7B1693201988F7EC008C4EBC /* right.png */ = {isa = PBXFileReference; lastKnownFileType = image.png; path = right.png; sourceTree = "<group>"; };
		7B1693231989090E008C4EBC /* DateUtils.h */ = {isa = PBXFileReference; fileEncoding = 4; lastKnownFileType = sourcecode.c.h; path = DateUtils.h; sourceTree = "<group>"; };
		7B1693241989090E008C4EBC /* DateUtils.m */ = {isa = PBXFileReference; fileEncoding = 4; lastKnownFileType = sourcecode.c.objc; path = DateUtils.m; sourceTree = "<group>"; };
		7B18D2AB19AC6216004A31D4 /* SettlementListViewController.h */ = {isa = PBXFileReference; fileEncoding = 4; lastKnownFileType = sourcecode.c.h; path = SettlementListViewController.h; sourceTree = "<group>"; };
		7B18D2AC19AC6216004A31D4 /* SettlementListViewController.m */ = {isa = PBXFileReference; fileEncoding = 4; lastKnownFileType = sourcecode.c.objc; path = SettlementListViewController.m; sourceTree = "<group>"; };
		7B18D2AD19AC6216004A31D4 /* SettlementListViewController.xib */ = {isa = PBXFileReference; fileEncoding = 4; lastKnownFileType = file.xib; path = SettlementListViewController.xib; sourceTree = "<group>"; };
		7B18D2B819AC7E20004A31D4 /* TotalPanCountCell.h */ = {isa = PBXFileReference; fileEncoding = 4; lastKnownFileType = sourcecode.c.h; path = TotalPanCountCell.h; sourceTree = "<group>"; };
		7B18D2B919AC7E20004A31D4 /* TotalPanCountCell.m */ = {isa = PBXFileReference; fileEncoding = 4; lastKnownFileType = sourcecode.c.objc; path = TotalPanCountCell.m; sourceTree = "<group>"; };
		7B18D2BA19AC7E20004A31D4 /* TotalPanCountCell.xib */ = {isa = PBXFileReference; fileEncoding = 4; lastKnownFileType = file.xib; path = TotalPanCountCell.xib; sourceTree = "<group>"; };
		7B18D2BD19AC810B004A31D4 /* CollectionAmountCell.h */ = {isa = PBXFileReference; fileEncoding = 4; lastKnownFileType = sourcecode.c.h; path = CollectionAmountCell.h; sourceTree = "<group>"; };
		7B18D2BE19AC810B004A31D4 /* CollectionAmountCell.m */ = {isa = PBXFileReference; fileEncoding = 4; lastKnownFileType = sourcecode.c.objc; path = CollectionAmountCell.m; sourceTree = "<group>"; };
		7B18D2BF19AC810B004A31D4 /* CollectionAmountCell.xib */ = {isa = PBXFileReference; fileEncoding = 4; lastKnownFileType = file.xib; path = CollectionAmountCell.xib; sourceTree = "<group>"; };
		7B18D2C219AC812E004A31D4 /* PaymentAmountCell.h */ = {isa = PBXFileReference; fileEncoding = 4; lastKnownFileType = sourcecode.c.h; path = PaymentAmountCell.h; sourceTree = "<group>"; };
		7B18D2C319AC812E004A31D4 /* PaymentAmountCell.m */ = {isa = PBXFileReference; fileEncoding = 4; lastKnownFileType = sourcecode.c.objc; path = PaymentAmountCell.m; sourceTree = "<group>"; };
		7B18D2C419AC812E004A31D4 /* PaymentAmountCell.xib */ = {isa = PBXFileReference; fileEncoding = 4; lastKnownFileType = file.xib; path = PaymentAmountCell.xib; sourceTree = "<group>"; };
		7B18D2C719AC8DC6004A31D4 /* BillService.h */ = {isa = PBXFileReference; fileEncoding = 4; lastKnownFileType = sourcecode.c.h; path = BillService.h; sourceTree = "<group>"; };
		7B18D2C819AC8DC6004A31D4 /* BillService.m */ = {isa = PBXFileReference; fileEncoding = 4; lastKnownFileType = sourcecode.c.objc; path = BillService.m; sourceTree = "<group>"; };
		7B18D2CA19ADB76E004A31D4 /* AccountListViewController.h */ = {isa = PBXFileReference; fileEncoding = 4; lastKnownFileType = sourcecode.c.h; path = AccountListViewController.h; sourceTree = "<group>"; };
		7B18D2CB19ADB76E004A31D4 /* AccountListViewController.m */ = {isa = PBXFileReference; fileEncoding = 4; lastKnownFileType = sourcecode.c.objc; path = AccountListViewController.m; sourceTree = "<group>"; };
		7B18D2CC19ADB76E004A31D4 /* AccountListViewController.xib */ = {isa = PBXFileReference; fileEncoding = 4; lastKnownFileType = file.xib; path = AccountListViewController.xib; sourceTree = "<group>"; };
		7B2204A8199AFE9600A1757A /* back_clear.png */ = {isa = PBXFileReference; lastKnownFileType = image.png; path = back_clear.png; sourceTree = "<group>"; };
		7B2204AA199AFE9D00A1757A /* more_clear.png */ = {isa = PBXFileReference; lastKnownFileType = image.png; path = more_clear.png; sourceTree = "<group>"; };
		7B2204B1199B05D700A1757A /* ExpendMoneyCell.h */ = {isa = PBXFileReference; fileEncoding = 4; lastKnownFileType = sourcecode.c.h; path = ExpendMoneyCell.h; sourceTree = "<group>"; };
		7B2204B2199B05D700A1757A /* ExpendMoneyCell.m */ = {isa = PBXFileReference; fileEncoding = 4; lastKnownFileType = sourcecode.c.objc; path = ExpendMoneyCell.m; sourceTree = "<group>"; };
		7B2204B3199B05D700A1757A /* ExpendMoneyCell.xib */ = {isa = PBXFileReference; fileEncoding = 4; lastKnownFileType = file.xib; path = ExpendMoneyCell.xib; sourceTree = "<group>"; };
		7B2204B8199B170100A1757A /* snow.png */ = {isa = PBXFileReference; lastKnownFileType = image.png; path = snow.png; sourceTree = "<group>"; };
		7B2204B9199B170100A1757A /* sunny.png */ = {isa = PBXFileReference; lastKnownFileType = image.png; path = sunny.png; sourceTree = "<group>"; };
		7B2204BA199B170100A1757A /* thunder.png */ = {isa = PBXFileReference; lastKnownFileType = image.png; path = thunder.png; sourceTree = "<group>"; };
		7B2204BB199B170100A1757A /* cloudsun.png */ = {isa = PBXFileReference; lastKnownFileType = image.png; path = cloudsun.png; sourceTree = "<group>"; };
		7B2204BF199B170100A1757A /* torrentrain.png */ = {isa = PBXFileReference; lastKnownFileType = image.png; path = torrentrain.png; sourceTree = "<group>"; };
		7B2204CB199B31C300A1757A /* WeatherVO.h */ = {isa = PBXFileReference; fileEncoding = 4; lastKnownFileType = sourcecode.c.h; path = WeatherVO.h; sourceTree = "<group>"; };
		7B2204CC199B31C300A1757A /* WeatherVO.m */ = {isa = PBXFileReference; fileEncoding = 4; lastKnownFileType = sourcecode.c.objc; path = WeatherVO.m; sourceTree = "<group>"; };
		7B2204CE199B33A900A1757A /* TravelRouteCellVO.h */ = {isa = PBXFileReference; fileEncoding = 4; lastKnownFileType = sourcecode.c.h; path = TravelRouteCellVO.h; sourceTree = "<group>"; };
		7B2204CF199B33A900A1757A /* TravelRouteCellVO.m */ = {isa = PBXFileReference; fileEncoding = 4; lastKnownFileType = sourcecode.c.objc; path = TravelRouteCellVO.m; sourceTree = "<group>"; };
		7B2204D1199B444600A1757A /* TravelRouteCell.h */ = {isa = PBXFileReference; fileEncoding = 4; lastKnownFileType = sourcecode.c.h; path = TravelRouteCell.h; sourceTree = "<group>"; };
		7B2204D2199B444600A1757A /* TravelRouteCell.m */ = {isa = PBXFileReference; fileEncoding = 4; lastKnownFileType = sourcecode.c.objc; path = TravelRouteCell.m; sourceTree = "<group>"; };
		7B2204D3199B444600A1757A /* TravelRouteCell.xib */ = {isa = PBXFileReference; fileEncoding = 4; lastKnownFileType = file.xib; path = TravelRouteCell.xib; sourceTree = "<group>"; };
		7B2204D9199B45A500A1757A /* WeatherCell.h */ = {isa = PBXFileReference; fileEncoding = 4; lastKnownFileType = sourcecode.c.h; path = WeatherCell.h; sourceTree = "<group>"; };
		7B2204DA199B45A500A1757A /* WeatherCell.m */ = {isa = PBXFileReference; fileEncoding = 4; lastKnownFileType = sourcecode.c.objc; path = WeatherCell.m; sourceTree = "<group>"; };
		7B2204DB199B45A500A1757A /* WeatherCell.xib */ = {isa = PBXFileReference; fileEncoding = 4; lastKnownFileType = file.xib; path = WeatherCell.xib; sourceTree = "<group>"; };
		7B2204DE199B5B8100A1757A /* CommonUtils.h */ = {isa = PBXFileReference; fileEncoding = 4; lastKnownFileType = sourcecode.c.h; path = CommonUtils.h; sourceTree = "<group>"; };
		7B2204DF199B5B8100A1757A /* CommonUtils.m */ = {isa = PBXFileReference; fileEncoding = 4; lastKnownFileType = sourcecode.c.objc; path = CommonUtils.m; sourceTree = "<group>"; };
		7B2204E1199B63CC00A1757A /* back.png */ = {isa = PBXFileReference; lastKnownFileType = image.png; path = back.png; sourceTree = "<group>"; };
		7B2204E3199B642000A1757A /* more.png */ = {isa = PBXFileReference; lastKnownFileType = image.png; path = more.png; sourceTree = "<group>"; };
		7B24857E199A074800C387E1 /* liuqiang.png */ = {isa = PBXFileReference; lastKnownFileType = image.png; path = liuqiang.png; sourceTree = "<group>"; };
		7B248580199A0B1500C387E1 /* message.png */ = {isa = PBXFileReference; lastKnownFileType = image.png; path = message.png; sourceTree = "<group>"; };
		7B248582199A0B1A00C387E1 /* paylist.png */ = {isa = PBXFileReference; lastKnownFileType = image.png; path = paylist.png; sourceTree = "<group>"; };
		7B248584199A0B1E00C387E1 /* peoples.png */ = {isa = PBXFileReference; lastKnownFileType = image.png; path = peoples.png; sourceTree = "<group>"; };
		7B248586199A0D9B00C387E1 /* config.png */ = {isa = PBXFileReference; lastKnownFileType = image.png; path = config.png; sourceTree = "<group>"; };
		7B248588199A13CD00C387E1 /* ExpendVO.h */ = {isa = PBXFileReference; fileEncoding = 4; lastKnownFileType = sourcecode.c.h; path = ExpendVO.h; sourceTree = "<group>"; };
		7B248589199A13CD00C387E1 /* ExpendVO.m */ = {isa = PBXFileReference; fileEncoding = 4; lastKnownFileType = sourcecode.c.objc; path = ExpendVO.m; sourceTree = "<group>"; };
		7B24858B199A1DC300C387E1 /* wangbaoqiang.jpeg */ = {isa = PBXFileReference; lastKnownFileType = image.jpeg; path = wangbaoqiang.jpeg; sourceTree = "<group>"; };
		7B2BFF22198F27DC000BE62E /* LbadCalendarDelegate.h */ = {isa = PBXFileReference; lastKnownFileType = sourcecode.c.h; path = LbadCalendarDelegate.h; sourceTree = "<group>"; };
		7B2BFF23198F6DF6000BE62E /* ButtonWithNumTipView.h */ = {isa = PBXFileReference; fileEncoding = 4; lastKnownFileType = sourcecode.c.h; path = ButtonWithNumTipView.h; sourceTree = "<group>"; };
		7B2BFF24198F6DF6000BE62E /* ButtonWithNumTipView.m */ = {isa = PBXFileReference; fileEncoding = 4; lastKnownFileType = sourcecode.c.objc; path = ButtonWithNumTipView.m; sourceTree = "<group>"; };
		7B5A12761981F0A800482191 /* lbad.app */ = {isa = PBXFileReference; explicitFileType = wrapper.application; includeInIndex = 0; path = lbad.app; sourceTree = BUILT_PRODUCTS_DIR; };
		7B5A12791981F0A800482191 /* Foundation.framework */ = {isa = PBXFileReference; lastKnownFileType = wrapper.framework; name = Foundation.framework; path = System/Library/Frameworks/Foundation.framework; sourceTree = SDKROOT; };
		7B5A127B1981F0A800482191 /* CoreGraphics.framework */ = {isa = PBXFileReference; lastKnownFileType = wrapper.framework; name = CoreGraphics.framework; path = System/Library/Frameworks/CoreGraphics.framework; sourceTree = SDKROOT; };
		7B5A127D1981F0A800482191 /* UIKit.framework */ = {isa = PBXFileReference; lastKnownFileType = wrapper.framework; name = UIKit.framework; path = System/Library/Frameworks/UIKit.framework; sourceTree = SDKROOT; };
		7B5A12811981F0A900482191 /* lbad-Info.plist */ = {isa = PBXFileReference; lastKnownFileType = text.plist.xml; path = "lbad-Info.plist"; sourceTree = "<group>"; };
		7B5A12831981F0A900482191 /* en */ = {isa = PBXFileReference; lastKnownFileType = text.plist.strings; name = en; path = en.lproj/InfoPlist.strings; sourceTree = "<group>"; };
		7B5A12851981F0A900482191 /* main.m */ = {isa = PBXFileReference; lastKnownFileType = sourcecode.c.objc; path = main.m; sourceTree = "<group>"; };
		7B5A12871981F0A900482191 /* lbad-Prefix.pch */ = {isa = PBXFileReference; lastKnownFileType = sourcecode.c.h; path = "lbad-Prefix.pch"; sourceTree = "<group>"; };
		7B5A12881981F0A900482191 /* AppDelegate.h */ = {isa = PBXFileReference; lastKnownFileType = sourcecode.c.h; path = AppDelegate.h; sourceTree = "<group>"; };
		7B5A12891981F0A900482191 /* AppDelegate.m */ = {isa = PBXFileReference; lastKnownFileType = sourcecode.c.objc; path = AppDelegate.m; sourceTree = "<group>"; };
		7B5A128B1981F0A900482191 /* Images.xcassets */ = {isa = PBXFileReference; lastKnownFileType = folder.assetcatalog; path = Images.xcassets; sourceTree = "<group>"; };
		7B5A12911981F0A900482191 /* lbadTests.xctest */ = {isa = PBXFileReference; explicitFileType = wrapper.cfbundle; includeInIndex = 0; path = lbadTests.xctest; sourceTree = BUILT_PRODUCTS_DIR; };
		7B5A12921981F0A900482191 /* XCTest.framework */ = {isa = PBXFileReference; lastKnownFileType = wrapper.framework; name = XCTest.framework; path = Library/Frameworks/XCTest.framework; sourceTree = DEVELOPER_DIR; };
		7B5A129A1981F0A900482191 /* lbadTests-Info.plist */ = {isa = PBXFileReference; lastKnownFileType = text.plist.xml; path = "lbadTests-Info.plist"; sourceTree = "<group>"; };
		7B5A129C1981F0A900482191 /* en */ = {isa = PBXFileReference; lastKnownFileType = text.plist.strings; name = en; path = en.lproj/InfoPlist.strings; sourceTree = "<group>"; };
		7B5A129E1981F0A900482191 /* lbadTests.m */ = {isa = PBXFileReference; lastKnownFileType = sourcecode.c.objc; path = lbadTests.m; sourceTree = "<group>"; };
		7B5A12B6198220FC00482191 /* LoginHomeViewController.h */ = {isa = PBXFileReference; fileEncoding = 4; lastKnownFileType = sourcecode.c.h; path = LoginHomeViewController.h; sourceTree = "<group>"; };
		7B5A12B7198220FC00482191 /* LoginHomeViewController.m */ = {isa = PBXFileReference; fileEncoding = 4; lastKnownFileType = sourcecode.c.objc; path = LoginHomeViewController.m; sourceTree = "<group>"; };
		7B5A12B8198220FC00482191 /* LoginHomeViewController.xib */ = {isa = PBXFileReference; fileEncoding = 4; lastKnownFileType = file.xib; path = LoginHomeViewController.xib; sourceTree = "<group>"; };
		7B5A12BB1982216100482191 /* login_bg.png */ = {isa = PBXFileReference; lastKnownFileType = image.png; path = login_bg.png; sourceTree = "<group>"; };
		7B5A12BD1982226300482191 /* HomePageViewController.h */ = {isa = PBXFileReference; fileEncoding = 4; lastKnownFileType = sourcecode.c.h; path = HomePageViewController.h; sourceTree = "<group>"; };
		7B5A12BE1982226300482191 /* HomePageViewController.m */ = {isa = PBXFileReference; fileEncoding = 4; lastKnownFileType = sourcecode.c.objc; path = HomePageViewController.m; sourceTree = "<group>"; };
		7B5A12BF1982226300482191 /* HomePageViewController.xib */ = {isa = PBXFileReference; fileEncoding = 4; lastKnownFileType = file.xib; path = HomePageViewController.xib; sourceTree = "<group>"; };
		7B5A12C21982465200482191 /* LoginNavigationController.h */ = {isa = PBXFileReference; fileEncoding = 4; lastKnownFileType = sourcecode.c.h; path = LoginNavigationController.h; sourceTree = "<group>"; };
		7B5A12C31982465200482191 /* LoginNavigationController.m */ = {isa = PBXFileReference; fileEncoding = 4; lastKnownFileType = sourcecode.c.objc; path = LoginNavigationController.m; sourceTree = "<group>"; };
		7B5A12C51982480C00482191 /* HomeNavigationController.h */ = {isa = PBXFileReference; fileEncoding = 4; lastKnownFileType = sourcecode.c.h; path = HomeNavigationController.h; sourceTree = "<group>"; };
		7B5A12C61982480C00482191 /* HomeNavigationController.m */ = {isa = PBXFileReference; fileEncoding = 4; lastKnownFileType = sourcecode.c.objc; path = HomeNavigationController.m; sourceTree = "<group>"; };
		7B5A12CB198250CA00482191 /* CreateJourneyViewController.h */ = {isa = PBXFileReference; fileEncoding = 4; lastKnownFileType = sourcecode.c.h; path = CreateJourneyViewController.h; sourceTree = "<group>"; };
		7B5A12CC198250CA00482191 /* CreateJourneyViewController.m */ = {isa = PBXFileReference; fileEncoding = 4; lastKnownFileType = sourcecode.c.objc; path = CreateJourneyViewController.m; sourceTree = "<group>"; };
		7B5A12CD198250CA00482191 /* CreateJourneyViewController.xib */ = {isa = PBXFileReference; fileEncoding = 4; lastKnownFileType = file.xib; path = CreateJourneyViewController.xib; sourceTree = "<group>"; };
		7B5F384C1991FF8B00177671 /* LoginService.h */ = {isa = PBXFileReference; fileEncoding = 4; lastKnownFileType = sourcecode.c.h; path = LoginService.h; sourceTree = "<group>"; };
		7B5F384D1991FF8B00177671 /* LoginService.m */ = {isa = PBXFileReference; fileEncoding = 4; lastKnownFileType = sourcecode.c.objc; path = LoginService.m; sourceTree = "<group>"; };
		7B78506A1991BB0300214260 /* UtilMacro.h */ = {isa = PBXFileReference; fileEncoding = 4; lastKnownFileType = sourcecode.c.h; path = UtilMacro.h; sourceTree = "<group>"; };
		7B78506D1991D5A800214260 /* NSAlert+MKNetworkKitAdditions.h */ = {isa = PBXFileReference; fileEncoding = 4; lastKnownFileType = sourcecode.c.h; path = "NSAlert+MKNetworkKitAdditions.h"; sourceTree = "<group>"; };
		7B78506E1991D5A800214260 /* NSAlert+MKNetworkKitAdditions.m */ = {isa = PBXFileReference; fileEncoding = 4; lastKnownFileType = sourcecode.c.objc; path = "NSAlert+MKNetworkKitAdditions.m"; sourceTree = "<group>"; };
		7B78506F1991D5A800214260 /* NSData+MKBase64.h */ = {isa = PBXFileReference; fileEncoding = 4; lastKnownFileType = sourcecode.c.h; path = "NSData+MKBase64.h"; sourceTree = "<group>"; };
		7B7850701991D5A800214260 /* NSData+MKBase64.m */ = {isa = PBXFileReference; fileEncoding = 4; lastKnownFileType = sourcecode.c.objc; path = "NSData+MKBase64.m"; sourceTree = "<group>"; };
		7B7850711991D5A800214260 /* NSDate+RFC1123.h */ = {isa = PBXFileReference; fileEncoding = 4; lastKnownFileType = sourcecode.c.h; path = "NSDate+RFC1123.h"; sourceTree = "<group>"; };
		7B7850721991D5A800214260 /* NSDate+RFC1123.m */ = {isa = PBXFileReference; fileEncoding = 4; lastKnownFileType = sourcecode.c.objc; path = "NSDate+RFC1123.m"; sourceTree = "<group>"; };
		7B7850731991D5A800214260 /* NSDictionary+RequestEncoding.h */ = {isa = PBXFileReference; fileEncoding = 4; lastKnownFileType = sourcecode.c.h; path = "NSDictionary+RequestEncoding.h"; sourceTree = "<group>"; };
		7B7850741991D5A800214260 /* NSDictionary+RequestEncoding.m */ = {isa = PBXFileReference; fileEncoding = 4; lastKnownFileType = sourcecode.c.objc; path = "NSDictionary+RequestEncoding.m"; sourceTree = "<group>"; };
		7B7850751991D5A800214260 /* NSString+MKNetworkKitAdditions.h */ = {isa = PBXFileReference; fileEncoding = 4; lastKnownFileType = sourcecode.c.h; path = "NSString+MKNetworkKitAdditions.h"; sourceTree = "<group>"; };
		7B7850761991D5A800214260 /* NSString+MKNetworkKitAdditions.m */ = {isa = PBXFileReference; fileEncoding = 4; lastKnownFileType = sourcecode.c.objc; path = "NSString+MKNetworkKitAdditions.m"; sourceTree = "<group>"; };
		7B7850771991D5A800214260 /* UIAlertView+MKNetworkKitAdditions.h */ = {isa = PBXFileReference; fileEncoding = 4; lastKnownFileType = sourcecode.c.h; path = "UIAlertView+MKNetworkKitAdditions.h"; sourceTree = "<group>"; };
		7B7850781991D5A800214260 /* UIAlertView+MKNetworkKitAdditions.m */ = {isa = PBXFileReference; fileEncoding = 4; lastKnownFileType = sourcecode.c.objc; path = "UIAlertView+MKNetworkKitAdditions.m"; sourceTree = "<group>"; };
		7B7850791991D5A800214260 /* UIImageView+MKNetworkKitAdditions.h */ = {isa = PBXFileReference; fileEncoding = 4; lastKnownFileType = sourcecode.c.h; path = "UIImageView+MKNetworkKitAdditions.h"; sourceTree = "<group>"; };
		7B78507A1991D5A800214260 /* UIImageView+MKNetworkKitAdditions.m */ = {isa = PBXFileReference; fileEncoding = 4; lastKnownFileType = sourcecode.c.objc; path = "UIImageView+MKNetworkKitAdditions.m"; sourceTree = "<group>"; };
		7B78507B1991D5A800214260 /* MKNetworkEngine.h */ = {isa = PBXFileReference; fileEncoding = 4; lastKnownFileType = sourcecode.c.h; path = MKNetworkEngine.h; sourceTree = "<group>"; };
		7B78507C1991D5A800214260 /* MKNetworkEngine.m */ = {isa = PBXFileReference; fileEncoding = 4; lastKnownFileType = sourcecode.c.objc; path = MKNetworkEngine.m; sourceTree = "<group>"; };
		7B78507D1991D5A800214260 /* MKNetworkKit.h */ = {isa = PBXFileReference; fileEncoding = 4; lastKnownFileType = sourcecode.c.h; path = MKNetworkKit.h; sourceTree = "<group>"; };
		7B78507E1991D5A800214260 /* MKNetworkOperation.h */ = {isa = PBXFileReference; fileEncoding = 4; lastKnownFileType = sourcecode.c.h; path = MKNetworkOperation.h; sourceTree = "<group>"; };
		7B78507F1991D5A800214260 /* MKNetworkOperation.m */ = {isa = PBXFileReference; fileEncoding = 4; lastKnownFileType = sourcecode.c.objc; path = MKNetworkOperation.m; sourceTree = "<group>"; };
		7B7850811991D5A800214260 /* Reachability.h */ = {isa = PBXFileReference; fileEncoding = 4; lastKnownFileType = sourcecode.c.h; path = Reachability.h; sourceTree = "<group>"; };
		7B7850821991D5A800214260 /* Reachability.m */ = {isa = PBXFileReference; fileEncoding = 4; lastKnownFileType = sourcecode.c.objc; path = Reachability.m; sourceTree = "<group>"; };
		7B78508D1991EAE400214260 /* CFNetwork.framework */ = {isa = PBXFileReference; lastKnownFileType = wrapper.framework; name = CFNetwork.framework; path = System/Library/Frameworks/CFNetwork.framework; sourceTree = SDKROOT; };
		7B78508F1991EAF100214260 /* SystemConfiguration.framework */ = {isa = PBXFileReference; lastKnownFileType = wrapper.framework; name = SystemConfiguration.framework; path = System/Library/Frameworks/SystemConfiguration.framework; sourceTree = SDKROOT; };
		7B7850911991EAFB00214260 /* Security.framework */ = {isa = PBXFileReference; lastKnownFileType = wrapper.framework; name = Security.framework; path = System/Library/Frameworks/Security.framework; sourceTree = SDKROOT; };
		7B7850931991F67900214260 /* BaseNetEngine.h */ = {isa = PBXFileReference; fileEncoding = 4; lastKnownFileType = sourcecode.c.h; path = BaseNetEngine.h; sourceTree = "<group>"; };
		7B7850941991F67900214260 /* BaseNetEngine.m */ = {isa = PBXFileReference; fileEncoding = 4; lastKnownFileType = sourcecode.c.objc; path = BaseNetEngine.m; sourceTree = "<group>"; };
		7B7E4D7B19986B0B002B90DF /* JourneyMainViewController.h */ = {isa = PBXFileReference; fileEncoding = 4; lastKnownFileType = sourcecode.c.h; path = JourneyMainViewController.h; sourceTree = "<group>"; };
		7B7E4D7C19986B0B002B90DF /* JourneyMainViewController.m */ = {isa = PBXFileReference; fileEncoding = 4; lastKnownFileType = sourcecode.c.objc; path = JourneyMainViewController.m; sourceTree = "<group>"; };
		7B7E4D7D19986B0B002B90DF /* JourneyMainViewController.xib */ = {isa = PBXFileReference; fileEncoding = 4; lastKnownFileType = file.xib; path = JourneyMainViewController.xib; sourceTree = "<group>"; };
		7B7E4D851998952D002B90DF /* JourneyExpendListView.xib */ = {isa = PBXFileReference; fileEncoding = 4; lastKnownFileType = file.xib; path = JourneyExpendListView.xib; sourceTree = "<group>"; };
		7B7E4D8719989784002B90DF /* JourneyExpendListView.h */ = {isa = PBXFileReference; fileEncoding = 4; lastKnownFileType = sourcecode.c.h; path = JourneyExpendListView.h; sourceTree = "<group>"; };
		7B7E4D8819989784002B90DF /* JourneyExpendListView.m */ = {isa = PBXFileReference; fileEncoding = 4; lastKnownFileType = sourcecode.c.objc; path = JourneyExpendListView.m; sourceTree = "<group>"; };
		7B7E4D8A19989F89002B90DF /* QuartzCore.framework */ = {isa = PBXFileReference; lastKnownFileType = wrapper.framework; name = QuartzCore.framework; path = System/Library/Frameworks/QuartzCore.framework; sourceTree = SDKROOT; };
		7B7E4D8C1998A23F002B90DF /* JourneyTravelersView.xib */ = {isa = PBXFileReference; fileEncoding = 4; lastKnownFileType = file.xib; path = JourneyTravelersView.xib; sourceTree = "<group>"; };
		7B7E4D8E1998A24C002B90DF /* JourneyTravelersView.h */ = {isa = PBXFileReference; fileEncoding = 4; lastKnownFileType = sourcecode.c.h; path = JourneyTravelersView.h; sourceTree = "<group>"; };
		7B7E4D8F1998A24C002B90DF /* JourneyTravelersView.m */ = {isa = PBXFileReference; fileEncoding = 4; lastKnownFileType = sourcecode.c.objc; path = JourneyTravelersView.m; sourceTree = "<group>"; };
		7B7E4D911998A348002B90DF /* JourneyTravelRouteView.h */ = {isa = PBXFileReference; fileEncoding = 4; lastKnownFileType = sourcecode.c.h; path = JourneyTravelRouteView.h; sourceTree = "<group>"; };
		7B7E4D921998A348002B90DF /* JourneyTravelRouteView.m */ = {isa = PBXFileReference; fileEncoding = 4; lastKnownFileType = sourcecode.c.objc; path = JourneyTravelRouteView.m; sourceTree = "<group>"; };
		7B7E4D941998A361002B90DF /* JourneyTravelRouteView.xib */ = {isa = PBXFileReference; fileEncoding = 4; lastKnownFileType = file.xib; path = JourneyTravelRouteView.xib; sourceTree = "<group>"; };
		7B7E4D971999A3BC002B90DF /* CHTumblrMenuView.h */ = {isa = PBXFileReference; fileEncoding = 4; lastKnownFileType = sourcecode.c.h; path = CHTumblrMenuView.h; sourceTree = "<group>"; };
		7B7E4D981999A3BC002B90DF /* CHTumblrMenuView.m */ = {isa = PBXFileReference; fileEncoding = 4; lastKnownFileType = sourcecode.c.objc; path = CHTumblrMenuView.m; sourceTree = "<group>"; };
		7B7E4D9A1999A3E5002B90DF /* post_type_bubble_chat@2x.png */ = {isa = PBXFileReference; lastKnownFileType = image.png; path = "post_type_bubble_chat@2x.png"; sourceTree = "<group>"; };
		7B7E4D9B1999A3E5002B90DF /* post_type_bubble_link@2x.png */ = {isa = PBXFileReference; lastKnownFileType = image.png; path = "post_type_bubble_link@2x.png"; sourceTree = "<group>"; };
		7B7E4D9C1999A3E5002B90DF /* post_type_bubble_photo@2x.png */ = {isa = PBXFileReference; lastKnownFileType = image.png; path = "post_type_bubble_photo@2x.png"; sourceTree = "<group>"; };
		7B7E4D9D1999A3E5002B90DF /* post_type_bubble_quote@2x.png */ = {isa = PBXFileReference; lastKnownFileType = image.png; path = "post_type_bubble_quote@2x.png"; sourceTree = "<group>"; };
		7B7E4D9E1999A3E5002B90DF /* post_type_bubble_text@2x.png */ = {isa = PBXFileReference; lastKnownFileType = image.png; path = "post_type_bubble_text@2x.png"; sourceTree = "<group>"; };
		7B7E4D9F1999A3E5002B90DF /* post_type_bubble_video@2x.png */ = {isa = PBXFileReference; lastKnownFileType = image.png; path = "post_type_bubble_video@2x.png"; sourceTree = "<group>"; };
		7B7E4DA01999A3E5002B90DF /* tab_bar_button_compose_selected@2x.png */ = {isa = PBXFileReference; lastKnownFileType = image.png; path = "tab_bar_button_compose_selected@2x.png"; sourceTree = "<group>"; };
		7B7E4DA11999A3E5002B90DF /* tab_bar_button_compose_unselected@2x.png */ = {isa = PBXFileReference; lastKnownFileType = image.png; path = "tab_bar_button_compose_unselected@2x.png"; sourceTree = "<group>"; };
		7B82960A19A59F84001D8A98 /* CitySingleSelectViewController.h */ = {isa = PBXFileReference; fileEncoding = 4; lastKnownFileType = sourcecode.c.h; path = CitySingleSelectViewController.h; sourceTree = "<group>"; };
		7B82960B19A59F84001D8A98 /* CitySingleSelectViewController.m */ = {isa = PBXFileReference; fileEncoding = 4; lastKnownFileType = sourcecode.c.objc; path = CitySingleSelectViewController.m; sourceTree = "<group>"; };
		7B82960C19A59F84001D8A98 /* CitySingleSelectViewController.xib */ = {isa = PBXFileReference; fileEncoding = 4; lastKnownFileType = file.xib; path = CitySingleSelectViewController.xib; sourceTree = "<group>"; };
		7B82960F19A5DBCF001D8A98 /* CitySelectDelegate.h */ = {isa = PBXFileReference; lastKnownFileType = sourcecode.c.h; path = CitySelectDelegate.h; sourceTree = "<group>"; };
		7B8E4A2C19A2EAE200DB223D /* AppConsts.h */ = {isa = PBXFileReference; fileEncoding = 4; lastKnownFileType = sourcecode.c.h; path = AppConsts.h; sourceTree = "<group>"; };
		7B8E4A2D19A2EAE200DB223D /* AppConsts.m */ = {isa = PBXFileReference; fileEncoding = 4; lastKnownFileType = sourcecode.c.objc; path = AppConsts.m; sourceTree = "<group>"; };
		7B8E4A3019A325EE00DB223D /* area.plist */ = {isa = PBXFileReference; fileEncoding = 4; lastKnownFileType = text.plist.xml; path = area.plist; sourceTree = "<group>"; };
		7B8E4A3219A3319F00DB223D /* AreaSingleSelectViewController.h */ = {isa = PBXFileReference; fileEncoding = 4; lastKnownFileType = sourcecode.c.h; path = AreaSingleSelectViewController.h; sourceTree = "<group>"; };
		7B8E4A3319A3319F00DB223D /* AreaSingleSelectViewController.m */ = {isa = PBXFileReference; fileEncoding = 4; lastKnownFileType = sourcecode.c.objc; path = AreaSingleSelectViewController.m; sourceTree = "<group>"; };
		7B8E4A3419A3319F00DB223D /* AreaSingleSelectViewController.xib */ = {isa = PBXFileReference; fileEncoding = 4; lastKnownFileType = file.xib; path = AreaSingleSelectViewController.xib; sourceTree = "<group>"; };
		7B9CC2EC1990E251000D2A4E /* AppMacro.h */ = {isa = PBXFileReference; fileEncoding = 4; lastKnownFileType = sourcecode.c.h; path = AppMacro.h; sourceTree = "<group>"; };
		7BA12B3C199DCCE100DDC471 /* TravelerCell.h */ = {isa = PBXFileReference; fileEncoding = 4; lastKnownFileType = sourcecode.c.h; path = TravelerCell.h; sourceTree = "<group>"; };
		7BA12B3D199DCCE100DDC471 /* TravelerCell.m */ = {isa = PBXFileReference; fileEncoding = 4; lastKnownFileType = sourcecode.c.objc; path = TravelerCell.m; sourceTree = "<group>"; };
		7BA12B3E199DCCE100DDC471 /* TravelerCell.xib */ = {isa = PBXFileReference; fileEncoding = 4; lastKnownFileType = file.xib; path = TravelerCell.xib; sourceTree = "<group>"; };
		7BA12B41199DF1AC00DDC471 /* TravelRouteTopCell.h */ = {isa = PBXFileReference; fileEncoding = 4; lastKnownFileType = sourcecode.c.h; path = TravelRouteTopCell.h; sourceTree = "<group>"; };
		7BA12B42199DF1AC00DDC471 /* TravelRouteTopCell.m */ = {isa = PBXFileReference; fileEncoding = 4; lastKnownFileType = sourcecode.c.objc; path = TravelRouteTopCell.m; sourceTree = "<group>"; };
		7BA12B43199DF1AC00DDC471 /* TravelRouteTopCell.xib */ = {isa = PBXFileReference; fileEncoding = 4; lastKnownFileType = file.xib; path = TravelRouteTopCell.xib; sourceTree = "<group>"; };
		7BA12B46199DFBAC00DDC471 /* TravelExpendTopCell.h */ = {isa = PBXFileReference; fileEncoding = 4; lastKnownFileType = sourcecode.c.h; path = TravelExpendTopCell.h; sourceTree = "<group>"; };
		7BA12B47199DFBAC00DDC471 /* TravelExpendTopCell.m */ = {isa = PBXFileReference; fileEncoding = 4; lastKnownFileType = sourcecode.c.objc; path = TravelExpendTopCell.m; sourceTree = "<group>"; };
		7BA12B48199DFBAC00DDC471 /* TravelExpendTopCell.xib */ = {isa = PBXFileReference; fileEncoding = 4; lastKnownFileType = file.xib; path = TravelExpendTopCell.xib; sourceTree = "<group>"; };
		7BBE7FC41994699F008D22FF /* SVProgressHUD.bundle */ = {isa = PBXFileReference; lastKnownFileType = "wrapper.plug-in"; path = SVProgressHUD.bundle; sourceTree = "<group>"; };
		7BBE7FC51994699F008D22FF /* SVProgressHUD.h */ = {isa = PBXFileReference; fileEncoding = 4; lastKnownFileType = sourcecode.c.h; path = SVProgressHUD.h; sourceTree = "<group>"; };
		7BBE7FC61994699F008D22FF /* SVProgressHUD.m */ = {isa = PBXFileReference; fileEncoding = 4; lastKnownFileType = sourcecode.c.objc; path = SVProgressHUD.m; sourceTree = "<group>"; };
		7BBE7FC919949E69008D22FF /* TravelPlanVO.h */ = {isa = PBXFileReference; fileEncoding = 4; lastKnownFileType = sourcecode.c.h; path = TravelPlanVO.h; sourceTree = "<group>"; };
		7BBE7FCA19949E69008D22FF /* TravelPlanVO.m */ = {isa = PBXFileReference; fileEncoding = 4; lastKnownFileType = sourcecode.c.objc; path = TravelPlanVO.m; sourceTree = "<group>"; };
		7BBE7FCC19949F65008D22FF /* TravelPlanService.h */ = {isa = PBXFileReference; fileEncoding = 4; lastKnownFileType = sourcecode.c.h; path = TravelPlanService.h; sourceTree = "<group>"; };
		7BBE7FCD19949F65008D22FF /* TravelPlanService.m */ = {isa = PBXFileReference; fileEncoding = 4; lastKnownFileType = sourcecode.c.objc; path = TravelPlanService.m; sourceTree = "<group>"; };
		7BBE7FCF1994B4FB008D22FF /* UserInfo.h */ = {isa = PBXFileReference; fileEncoding = 4; lastKnownFileType = sourcecode.c.h; path = UserInfo.h; sourceTree = "<group>"; };
		7BBE7FD01994B4FB008D22FF /* UserInfo.m */ = {isa = PBXFileReference; fileEncoding = 4; lastKnownFileType = sourcecode.c.objc; path = UserInfo.m; sourceTree = "<group>"; };
		7BF32CF81999EA2700C7F72B /* TravelerVO.h */ = {isa = PBXFileReference; fileEncoding = 4; lastKnownFileType = sourcecode.c.h; path = TravelerVO.h; sourceTree = "<group>"; };
		7BF32CF91999EA2700C7F72B /* TravelerVO.m */ = {isa = PBXFileReference; fileEncoding = 4; lastKnownFileType = sourcecode.c.objc; path = TravelerVO.m; sourceTree = "<group>"; };
		7BF32CFB1999F51800C7F72B /* u12.png */ = {isa = PBXFileReference; lastKnownFileType = image.png; path = u12.png; sourceTree = "<group>"; };
/* End PBXFileReference section */

/* Begin PBXFrameworksBuildPhase section */
		7B5A12731981F0A800482191 /* Frameworks */ = {
			isa = PBXFrameworksBuildPhase;
			buildActionMask = 2147483647;
			files = (
				7B7850921991EAFB00214260 /* Security.framework in Frameworks */,
				7B7850901991EAF100214260 /* SystemConfiguration.framework in Frameworks */,
				7B78508E1991EAE400214260 /* CFNetwork.framework in Frameworks */,
				7B5A127C1981F0A800482191 /* CoreGraphics.framework in Frameworks */,
				7B5A127E1981F0A800482191 /* UIKit.framework in Frameworks */,
				7B5A127A1981F0A800482191 /* Foundation.framework in Frameworks */,
			);
			runOnlyForDeploymentPostprocessing = 0;
		};
		7B5A128E1981F0A900482191 /* Frameworks */ = {
			isa = PBXFrameworksBuildPhase;
			buildActionMask = 2147483647;
			files = (
				7B5A12931981F0A900482191 /* XCTest.framework in Frameworks */,
				7B5A12951981F0A900482191 /* UIKit.framework in Frameworks */,
				7B5A12941981F0A900482191 /* Foundation.framework in Frameworks */,
			);
			runOnlyForDeploymentPostprocessing = 0;
		};
/* End PBXFrameworksBuildPhase section */

/* Begin PBXGroup section */
		7B1692B1198757D8008C4EBC /* opensourcecomps */ = {
			isa = PBXGroup;
			children = (
				7B7E4D961999A3BC002B90DF /* TumblrMenu */,
				7BBE7FC21994699F008D22FF /* SVProgressHUD */,
				7B1692B219875858008C4EBC /* MJPopupViewController */,
			);
			name = opensourcecomps;
			sourceTree = "<group>";
		};
		7B1692B219875858008C4EBC /* MJPopupViewController */ = {
			isa = PBXGroup;
			children = (
				7B1692B31987586C008C4EBC /* MJPopupBackgroundView.h */,
				7B1692B41987586C008C4EBC /* MJPopupBackgroundView.m */,
				7B1692B51987586C008C4EBC /* UIViewController+MJPopupViewController.h */,
				7B1692B61987586C008C4EBC /* UIViewController+MJPopupViewController.m */,
			);
			name = MJPopupViewController;
			sourceTree = "<group>";
		};
		7B18D2B019AC625A004A31D4 /* settlementlist */ = {
			isa = PBXGroup;
			children = (
				7B18D2AB19AC6216004A31D4 /* SettlementListViewController.h */,
				7B18D2AC19AC6216004A31D4 /* SettlementListViewController.m */,
				7B18D2AD19AC6216004A31D4 /* SettlementListViewController.xib */,
				7B18D2B819AC7E20004A31D4 /* TotalPanCountCell.h */,
				7B18D2B919AC7E20004A31D4 /* TotalPanCountCell.m */,
				7B18D2BA19AC7E20004A31D4 /* TotalPanCountCell.xib */,
				7B18D2C219AC812E004A31D4 /* PaymentAmountCell.h */,
				7B18D2C319AC812E004A31D4 /* PaymentAmountCell.m */,
				7B18D2C419AC812E004A31D4 /* PaymentAmountCell.xib */,
				7B18D2BD19AC810B004A31D4 /* CollectionAmountCell.h */,
				7B18D2BE19AC810B004A31D4 /* CollectionAmountCell.m */,
				7B18D2BF19AC810B004A31D4 /* CollectionAmountCell.xib */,
			);
			name = settlementlist;
			sourceTree = "<group>";
		};
		7B18D2B119AC626C004A31D4 /* account */ = {
			isa = PBXGroup;
			children = (
				7B18D2CA19ADB76E004A31D4 /* AccountListViewController.h */,
				7B18D2CB19ADB76E004A31D4 /* AccountListViewController.m */,
				7B18D2CC19ADB76E004A31D4 /* AccountListViewController.xib */,
			);
			name = account;
			sourceTree = "<group>";
		};
		7B18D2B219AC62A8004A31D4 /* common */ = {
			isa = PBXGroup;
			children = (
			);
			name = common;
			sourceTree = "<group>";
		};
		7B2204B0199B045F00A1757A /* tablecells */ = {
			isa = PBXGroup;
			children = (
				7B2204B1199B05D700A1757A /* ExpendMoneyCell.h */,
				7B2204B2199B05D700A1757A /* ExpendMoneyCell.m */,
				7B2204B3199B05D700A1757A /* ExpendMoneyCell.xib */,
				7B2204D1199B444600A1757A /* TravelRouteCell.h */,
				7B2204D2199B444600A1757A /* TravelRouteCell.m */,
				7B2204D3199B444600A1757A /* TravelRouteCell.xib */,
				7B2204D9199B45A500A1757A /* WeatherCell.h */,
				7B2204DA199B45A500A1757A /* WeatherCell.m */,
				7B2204DB199B45A500A1757A /* WeatherCell.xib */,
				7BA12B3C199DCCE100DDC471 /* TravelerCell.h */,
				7BA12B3D199DCCE100DDC471 /* TravelerCell.m */,
				7BA12B3E199DCCE100DDC471 /* TravelerCell.xib */,
			);
			name = tablecells;
			sourceTree = "<group>";
		};
		7B2204B6199B155000A1757A /* tumblr */ = {
			isa = PBXGroup;
			children = (
				7B7E4D9A1999A3E5002B90DF /* post_type_bubble_chat@2x.png */,
				7B7E4D9B1999A3E5002B90DF /* post_type_bubble_link@2x.png */,
				7B7E4D9C1999A3E5002B90DF /* post_type_bubble_photo@2x.png */,
				7B7E4D9D1999A3E5002B90DF /* post_type_bubble_quote@2x.png */,
				7B7E4D9E1999A3E5002B90DF /* post_type_bubble_text@2x.png */,
				7B7E4D9F1999A3E5002B90DF /* post_type_bubble_video@2x.png */,
				7B7E4DA01999A3E5002B90DF /* tab_bar_button_compose_selected@2x.png */,
				7B7E4DA11999A3E5002B90DF /* tab_bar_button_compose_unselected@2x.png */,
			);
			name = tumblr;
			sourceTree = "<group>";
		};
		7B2204B7199B157700A1757A /* weather */ = {
			isa = PBXGroup;
			children = (
				7B2204B8199B170100A1757A /* snow.png */,
				7B2204B9199B170100A1757A /* sunny.png */,
				7B2204BA199B170100A1757A /* thunder.png */,
				7B2204BB199B170100A1757A /* cloudsun.png */,
				7B2204BF199B170100A1757A /* torrentrain.png */,
			);
			name = weather;
			sourceTree = "<group>";
		};
		7B42013719862457000FEA19 /* dateselector */ = {
			isa = PBXGroup;
			children = (
				7B1692B919875C0D008C4EBC /* LbadDateSelectorViewController.h */,
				7B1692BA19875C0D008C4EBC /* LbadDateSelectorViewController.m */,
				7B16930719878C5D008C4EBC /* LbadCalendarView.h */,
				7B16930819878C5D008C4EBC /* LbadCalendarView.m */,
				7B16930D19879147008C4EBC /* LbadDateSquare.h */,
				7B16930E19879147008C4EBC /* LbadDateSquare.m */,
				7B2BFF22198F27DC000BE62E /* LbadCalendarDelegate.h */,
			);
			name = dateselector;
			sourceTree = "<group>";
		};
		7B42013B198632A5000FEA19 /* base */ = {
			isa = PBXGroup;
			children = (
			);
			name = base;
			sourceTree = "<group>";
		};
		7B5A126D1981F0A800482191 = {
			isa = PBXGroup;
			children = (
				7B5A127F1981F0A900482191 /* lbad */,
				7B5A12981981F0A900482191 /* lbadTests */,
				7B5A12781981F0A800482191 /* Frameworks */,
				7B5A12771981F0A800482191 /* Products */,
			);
			sourceTree = "<group>";
		};
		7B5A12771981F0A800482191 /* Products */ = {
			isa = PBXGroup;
			children = (
				7B5A12761981F0A800482191 /* lbad.app */,
				7B5A12911981F0A900482191 /* lbadTests.xctest */,
			);
			name = Products;
			sourceTree = "<group>";
		};
		7B5A12781981F0A800482191 /* Frameworks */ = {
			isa = PBXGroup;
			children = (
				7B7E4D8A19989F89002B90DF /* QuartzCore.framework */,
				7B7850911991EAFB00214260 /* Security.framework */,
				7B78508F1991EAF100214260 /* SystemConfiguration.framework */,
				7B78508D1991EAE400214260 /* CFNetwork.framework */,
				7B5A12791981F0A800482191 /* Foundation.framework */,
				7B5A127B1981F0A800482191 /* CoreGraphics.framework */,
				7B5A127D1981F0A800482191 /* UIKit.framework */,
				7B5A12921981F0A900482191 /* XCTest.framework */,
			);
			name = Frameworks;
			sourceTree = "<group>";
		};
		7B5A127F1981F0A900482191 /* lbad */ = {
			isa = PBXGroup;
			children = (
				7B8E4A2F19A325AF00DB223D /* resources */,
				7B5A12A81982191B00482191 /* assets */,
				7B9CC2EB1990E0D3000D2A4E /* macro */,
				7B5A12B119821A6900482191 /* utils */,
				7B5A12B219821A7A00482191 /* comps */,
				7B5A12C919824B3B00482191 /* delegates */,
				7B5A12AF19821A4000482191 /* models */,
				7B5A12B019821A4B00482191 /* services */,
				7B5A12B519821BE200482191 /* viewmodels */,
				7B5A12AE19821A3400482191 /* controllers */,
				7B5A12C21982465200482191 /* LoginNavigationController.h */,
				7B5A12C31982465200482191 /* LoginNavigationController.m */,
				7B5A12C51982480C00482191 /* HomeNavigationController.h */,
				7B5A12C61982480C00482191 /* HomeNavigationController.m */,
				7B5A12881981F0A900482191 /* AppDelegate.h */,
				7B5A12891981F0A900482191 /* AppDelegate.m */,
				7B5A128B1981F0A900482191 /* Images.xcassets */,
				7B5A12801981F0A900482191 /* Supporting Files */,
			);
			path = lbad;
			sourceTree = "<group>";
		};
		7B5A12801981F0A900482191 /* Supporting Files */ = {
			isa = PBXGroup;
			children = (
				7B5A12811981F0A900482191 /* lbad-Info.plist */,
				7B5A12821981F0A900482191 /* InfoPlist.strings */,
				7B5A12851981F0A900482191 /* main.m */,
				7B5A12871981F0A900482191 /* lbad-Prefix.pch */,
			);
			name = "Supporting Files";
			sourceTree = "<group>";
		};
		7B5A12981981F0A900482191 /* lbadTests */ = {
			isa = PBXGroup;
			children = (
				7B5A129E1981F0A900482191 /* lbadTests.m */,
				7B5A12991981F0A900482191 /* Supporting Files */,
			);
			path = lbadTests;
			sourceTree = "<group>";
		};
		7B5A12991981F0A900482191 /* Supporting Files */ = {
			isa = PBXGroup;
			children = (
				7B5A129A1981F0A900482191 /* lbadTests-Info.plist */,
				7B5A129B1981F0A900482191 /* InfoPlist.strings */,
			);
			name = "Supporting Files";
			sourceTree = "<group>";
		};
		7B5A12A81982191B00482191 /* assets */ = {
			isa = PBXGroup;
			children = (
				7B5A12A91982192500482191 /* images */,
			);
			name = assets;
			sourceTree = "<group>";
		};
		7B5A12A91982192500482191 /* images */ = {
			isa = PBXGroup;
			children = (
				7B2204B7199B157700A1757A /* weather */,
				7B2204B6199B155000A1757A /* tumblr */,
				7B24858B199A1DC300C387E1 /* wangbaoqiang.jpeg */,
				7B248586199A0D9B00C387E1 /* config.png */,
				7B248584199A0B1E00C387E1 /* peoples.png */,
				7B248582199A0B1A00C387E1 /* paylist.png */,
				7B248580199A0B1500C387E1 /* message.png */,
				7B24857E199A074800C387E1 /* liuqiang.png */,
				7B2204E1199B63CC00A1757A /* back.png */,
				7B2204A8199AFE9600A1757A /* back_clear.png */,
				7B2204E3199B642000A1757A /* more.png */,
				7B2204AA199AFE9D00A1757A /* more_clear.png */,
				7BF32CFB1999F51800C7F72B /* u12.png */,
				7B16931F1988F7EC008C4EBC /* left.png */,
				7B1693201988F7EC008C4EBC /* right.png */,
				7B5A12BB1982216100482191 /* login_bg.png */,
			);
			name = images;
			sourceTree = "<group>";
		};
		7B5A12AE19821A3400482191 /* controllers */ = {
			isa = PBXGroup;
			children = (
				7B5A12B319821AEA00482191 /* login */,
				7B5A12B419821AF000482191 /* home */,
				7B7E4D7A19986A1C002B90DF /* setting */,
			);
			name = controllers;
			sourceTree = "<group>";
		};
		7B5A12AF19821A4000482191 /* models */ = {
			isa = PBXGroup;
			children = (
				7BBE7FC919949E69008D22FF /* TravelPlanVO.h */,
				7BBE7FCA19949E69008D22FF /* TravelPlanVO.m */,
				7BF32CF81999EA2700C7F72B /* TravelerVO.h */,
				7BF32CF91999EA2700C7F72B /* TravelerVO.m */,
				7B248588199A13CD00C387E1 /* ExpendVO.h */,
				7B248589199A13CD00C387E1 /* ExpendVO.m */,
				7B2204CB199B31C300A1757A /* WeatherVO.h */,
				7B2204CC199B31C300A1757A /* WeatherVO.m */,
				7B2204CE199B33A900A1757A /* TravelRouteCellVO.h */,
				7B2204CF199B33A900A1757A /* TravelRouteCellVO.m */,
			);
			name = models;
			sourceTree = "<group>";
		};
		7B5A12B019821A4B00482191 /* services */ = {
			isa = PBXGroup;
			children = (
				7B78506B1991D5A800214260 /* MKNetworkKit */,
				7B7850931991F67900214260 /* BaseNetEngine.h */,
				7B7850941991F67900214260 /* BaseNetEngine.m */,
				7B5F384C1991FF8B00177671 /* LoginService.h */,
				7B5F384D1991FF8B00177671 /* LoginService.m */,
				7BBE7FCC19949F65008D22FF /* TravelPlanService.h */,
				7BBE7FCD19949F65008D22FF /* TravelPlanService.m */,
				7B18D2C719AC8DC6004A31D4 /* BillService.h */,
				7B18D2C819AC8DC6004A31D4 /* BillService.m */,
			);
			name = services;
			sourceTree = "<group>";
		};
		7B5A12B119821A6900482191 /* utils */ = {
			isa = PBXGroup;
			children = (
				7B8E4A2C19A2EAE200DB223D /* AppConsts.h */,
				7B8E4A2D19A2EAE200DB223D /* AppConsts.m */,
				7BBE7FCF1994B4FB008D22FF /* UserInfo.h */,
				7BBE7FD01994B4FB008D22FF /* UserInfo.m */,
				7B1693231989090E008C4EBC /* DateUtils.h */,
				7B1693241989090E008C4EBC /* DateUtils.m */,
				7B2204DE199B5B8100A1757A /* CommonUtils.h */,
				7B2204DF199B5B8100A1757A /* CommonUtils.m */,
			);
			name = utils;
			sourceTree = "<group>";
		};
		7B5A12B219821A7A00482191 /* comps */ = {
			isa = PBXGroup;
			children = (
				7B1692B1198757D8008C4EBC /* opensourcecomps */,
				7B9CC2ED1990E8B5000D2A4E /* homepagebtn */,
				7B42013B198632A5000FEA19 /* base */,
				7B2204B0199B045F00A1757A /* tablecells */,
				7B42013719862457000FEA19 /* dateselector */,
			);
			name = comps;
			sourceTree = "<group>";
		};
		7B5A12B319821AEA00482191 /* login */ = {
			isa = PBXGroup;
			children = (
				7B5A12B6198220FC00482191 /* LoginHomeViewController.h */,
				7B5A12B7198220FC00482191 /* LoginHomeViewController.m */,
				7B5A12B8198220FC00482191 /* LoginHomeViewController.xib */,
			);
			name = login;
			sourceTree = "<group>";
		};
		7B5A12B419821AF000482191 /* home */ = {
			isa = PBXGroup;
			children = (
				7B18D2B219AC62A8004A31D4 /* common */,
				7B5A12CA1982506E00482191 /* create */,
				7B7E4D7619986793002B90DF /* journey */,
				7B7E4D77199868BA002B90DF /* bills */,
				7B7E4D78199868CD002B90DF /* messages */,
				7B5A12BD1982226300482191 /* HomePageViewController.h */,
				7B5A12BE1982226300482191 /* HomePageViewController.m */,
				7B5A12BF1982226300482191 /* HomePageViewController.xib */,
			);
			name = home;
			sourceTree = "<group>";
		};
		7B5A12B519821BE200482191 /* viewmodels */ = {
			isa = PBXGroup;
			children = (
			);
			name = viewmodels;
			sourceTree = "<group>";
		};
		7B5A12C919824B3B00482191 /* delegates */ = {
			isa = PBXGroup;
			children = (
			);
			name = delegates;
			sourceTree = "<group>";
		};
		7B5A12CA1982506E00482191 /* create */ = {
			isa = PBXGroup;
			children = (
				7B5A12CB198250CA00482191 /* CreateJourneyViewController.h */,
				7B5A12CC198250CA00482191 /* CreateJourneyViewController.m */,
				7B5A12CD198250CA00482191 /* CreateJourneyViewController.xib */,
				7B8E4A3219A3319F00DB223D /* AreaSingleSelectViewController.h */,
				7B8E4A3319A3319F00DB223D /* AreaSingleSelectViewController.m */,
				7B8E4A3419A3319F00DB223D /* AreaSingleSelectViewController.xib */,
				7B82960A19A59F84001D8A98 /* CitySingleSelectViewController.h */,
				7B82960B19A59F84001D8A98 /* CitySingleSelectViewController.m */,
				7B82960C19A59F84001D8A98 /* CitySingleSelectViewController.xib */,
				7B82960F19A5DBCF001D8A98 /* CitySelectDelegate.h */,
			);
			name = create;
			sourceTree = "<group>";
		};
		7B78506B1991D5A800214260 /* MKNetworkKit */ = {
			isa = PBXGroup;
			children = (
				7B78506C1991D5A800214260 /* Categories */,
				7B78507B1991D5A800214260 /* MKNetworkEngine.h */,
				7B78507C1991D5A800214260 /* MKNetworkEngine.m */,
				7B78507D1991D5A800214260 /* MKNetworkKit.h */,
				7B78507E1991D5A800214260 /* MKNetworkOperation.h */,
				7B78507F1991D5A800214260 /* MKNetworkOperation.m */,
				7B7850801991D5A800214260 /* Reachability */,
			);
			path = MKNetworkKit;
			sourceTree = "<group>";
		};
		7B78506C1991D5A800214260 /* Categories */ = {
			isa = PBXGroup;
			children = (
				7B78506D1991D5A800214260 /* NSAlert+MKNetworkKitAdditions.h */,
				7B78506E1991D5A800214260 /* NSAlert+MKNetworkKitAdditions.m */,
				7B78506F1991D5A800214260 /* NSData+MKBase64.h */,
				7B7850701991D5A800214260 /* NSData+MKBase64.m */,
				7B7850711991D5A800214260 /* NSDate+RFC1123.h */,
				7B7850721991D5A800214260 /* NSDate+RFC1123.m */,
				7B7850731991D5A800214260 /* NSDictionary+RequestEncoding.h */,
				7B7850741991D5A800214260 /* NSDictionary+RequestEncoding.m */,
				7B7850751991D5A800214260 /* NSString+MKNetworkKitAdditions.h */,
				7B7850761991D5A800214260 /* NSString+MKNetworkKitAdditions.m */,
				7B7850771991D5A800214260 /* UIAlertView+MKNetworkKitAdditions.h */,
				7B7850781991D5A800214260 /* UIAlertView+MKNetworkKitAdditions.m */,
				7B7850791991D5A800214260 /* UIImageView+MKNetworkKitAdditions.h */,
				7B78507A1991D5A800214260 /* UIImageView+MKNetworkKitAdditions.m */,
			);
			path = Categories;
			sourceTree = "<group>";
		};
		7B7850801991D5A800214260 /* Reachability */ = {
			isa = PBXGroup;
			children = (
				7B7850811991D5A800214260 /* Reachability.h */,
				7B7850821991D5A800214260 /* Reachability.m */,
			);
			path = Reachability;
			sourceTree = "<group>";
		};
		7B7E4D7619986793002B90DF /* journey */ = {
			isa = PBXGroup;
			children = (
				7B7E4D8219986B1C002B90DF /* travelroute */,
				7B7E4D8119986B1A002B90DF /* expendlist */,
				7B7E4D8019986B18002B90DF /* travelers */,
				7B7E4D791998699D002B90DF /* accounting */,
				7B7E4D7B19986B0B002B90DF /* JourneyMainViewController.h */,
				7B7E4D7C19986B0B002B90DF /* JourneyMainViewController.m */,
				7B7E4D7D19986B0B002B90DF /* JourneyMainViewController.xib */,
			);
			name = journey;
			sourceTree = "<group>";
		};
		7B7E4D77199868BA002B90DF /* bills */ = {
			isa = PBXGroup;
			children = (
				7B18D2B019AC625A004A31D4 /* settlementlist */,
				7B18D2B119AC626C004A31D4 /* account */,
			);
			name = bills;
			sourceTree = "<group>";
		};
		7B7E4D78199868CD002B90DF /* messages */ = {
			isa = PBXGroup;
			children = (
			);
			name = messages;
			sourceTree = "<group>";
		};
		7B7E4D791998699D002B90DF /* accounting */ = {
			isa = PBXGroup;
			children = (
			);
			name = accounting;
			sourceTree = "<group>";
		};
		7B7E4D7A19986A1C002B90DF /* setting */ = {
			isa = PBXGroup;
			children = (
			);
			name = setting;
			sourceTree = "<group>";
		};
		7B7E4D8019986B18002B90DF /* travelers */ = {
			isa = PBXGroup;
			children = (
				7B7E4D8E1998A24C002B90DF /* JourneyTravelersView.h */,
				7B7E4D8F1998A24C002B90DF /* JourneyTravelersView.m */,
				7B7E4D8C1998A23F002B90DF /* JourneyTravelersView.xib */,
			);
			name = travelers;
			sourceTree = "<group>";
		};
		7B7E4D8119986B1A002B90DF /* expendlist */ = {
			isa = PBXGroup;
			children = (
				7B7E4D8719989784002B90DF /* JourneyExpendListView.h */,
				7B7E4D8819989784002B90DF /* JourneyExpendListView.m */,
				7B7E4D851998952D002B90DF /* JourneyExpendListView.xib */,
				7BA12B46199DFBAC00DDC471 /* TravelExpendTopCell.h */,
				7BA12B47199DFBAC00DDC471 /* TravelExpendTopCell.m */,
				7BA12B48199DFBAC00DDC471 /* TravelExpendTopCell.xib */,
			);
			name = expendlist;
			sourceTree = "<group>";
		};
		7B7E4D8219986B1C002B90DF /* travelroute */ = {
			isa = PBXGroup;
			children = (
				7B7E4D911998A348002B90DF /* JourneyTravelRouteView.h */,
				7B7E4D921998A348002B90DF /* JourneyTravelRouteView.m */,
				7B7E4D941998A361002B90DF /* JourneyTravelRouteView.xib */,
				7BA12B41199DF1AC00DDC471 /* TravelRouteTopCell.h */,
				7BA12B42199DF1AC00DDC471 /* TravelRouteTopCell.m */,
				7BA12B43199DF1AC00DDC471 /* TravelRouteTopCell.xib */,
			);
			name = travelroute;
			sourceTree = "<group>";
		};
		7B7E4D961999A3BC002B90DF /* TumblrMenu */ = {
			isa = PBXGroup;
			children = (
				7B7E4D971999A3BC002B90DF /* CHTumblrMenuView.h */,
				7B7E4D981999A3BC002B90DF /* CHTumblrMenuView.m */,
			);
			path = TumblrMenu;
			sourceTree = "<group>";
		};
		7B8E4A2F19A325AF00DB223D /* resources */ = {
			isa = PBXGroup;
			children = (
				7B8E4A3019A325EE00DB223D /* area.plist */,
			);
			name = resources;
			sourceTree = "<group>";
		};
		7B9CC2EB1990E0D3000D2A4E /* macro */ = {
			isa = PBXGroup;
			children = (
				7B9CC2EC1990E251000D2A4E /* AppMacro.h */,
				7B78506A1991BB0300214260 /* UtilMacro.h */,
			);
			name = macro;
			sourceTree = "<group>";
		};
		7B9CC2ED1990E8B5000D2A4E /* homepagebtn */ = {
			isa = PBXGroup;
			children = (
				7B2BFF23198F6DF6000BE62E /* ButtonWithNumTipView.h */,
				7B2BFF24198F6DF6000BE62E /* ButtonWithNumTipView.m */,
			);
			name = homepagebtn;
			sourceTree = "<group>";
		};
		7BBE7FC21994699F008D22FF /* SVProgressHUD */ = {
			isa = PBXGroup;
			children = (
				7BBE7FC41994699F008D22FF /* SVProgressHUD.bundle */,
				7BBE7FC51994699F008D22FF /* SVProgressHUD.h */,
				7BBE7FC61994699F008D22FF /* SVProgressHUD.m */,
			);
			path = SVProgressHUD;
			sourceTree = "<group>";
		};
/* End PBXGroup section */

/* Begin PBXNativeTarget section */
		7B5A12751981F0A800482191 /* lbad */ = {
			isa = PBXNativeTarget;
			buildConfigurationList = 7B5A12A21981F0A900482191 /* Build configuration list for PBXNativeTarget "lbad" */;
			buildPhases = (
				7B5A12721981F0A800482191 /* Sources */,
				7B5A12731981F0A800482191 /* Frameworks */,
				7B5A12741981F0A800482191 /* Resources */,
				7BF32CFD1999FDBA00C7F72B /* ShellScript */,
			);
			buildRules = (
			);
			dependencies = (
			);
			name = lbad;
			productName = lbad;
			productReference = 7B5A12761981F0A800482191 /* lbad.app */;
			productType = "com.apple.product-type.application";
		};
		7B5A12901981F0A900482191 /* lbadTests */ = {
			isa = PBXNativeTarget;
			buildConfigurationList = 7B5A12A51981F0A900482191 /* Build configuration list for PBXNativeTarget "lbadTests" */;
			buildPhases = (
				7B5A128D1981F0A900482191 /* Sources */,
				7B5A128E1981F0A900482191 /* Frameworks */,
				7B5A128F1981F0A900482191 /* Resources */,
			);
			buildRules = (
			);
			dependencies = (
				7B5A12971981F0A900482191 /* PBXTargetDependency */,
			);
			name = lbadTests;
			productName = lbadTests;
			productReference = 7B5A12911981F0A900482191 /* lbadTests.xctest */;
			productType = "com.apple.product-type.bundle.unit-test";
		};
/* End PBXNativeTarget section */

/* Begin PBXProject section */
		7B5A126E1981F0A800482191 /* Project object */ = {
			isa = PBXProject;
			attributes = {
				LastUpgradeCheck = 0510;
				ORGANIZATIONNAME = gc;
				TargetAttributes = {
					7B5A12901981F0A900482191 = {
						TestTargetID = 7B5A12751981F0A800482191;
					};
				};
			};
			buildConfigurationList = 7B5A12711981F0A800482191 /* Build configuration list for PBXProject "lbad" */;
			compatibilityVersion = "Xcode 3.2";
			developmentRegion = English;
			hasScannedForEncodings = 0;
			knownRegions = (
				en,
			);
			mainGroup = 7B5A126D1981F0A800482191;
			productRefGroup = 7B5A12771981F0A800482191 /* Products */;
			projectDirPath = "";
			projectRoot = "";
			targets = (
				7B5A12751981F0A800482191 /* lbad */,
				7B5A12901981F0A900482191 /* lbadTests */,
			);
		};
/* End PBXProject section */

/* Begin PBXResourcesBuildPhase section */
		7B5A12741981F0A800482191 /* Resources */ = {
			isa = PBXResourcesBuildPhase;
			buildActionMask = 2147483647;
			files = (
				7B18D2CE19ADB76E004A31D4 /* AccountListViewController.xib in Resources */,
				7B2204C0199B170100A1757A /* snow.png in Resources */,
				7B8E4A3119A325EE00DB223D /* area.plist in Resources */,
				7B18D2BC19AC7E20004A31D4 /* TotalPanCountCell.xib in Resources */,
				7B7E4DA31999A3E5002B90DF /* post_type_bubble_link@2x.png in Resources */,
				7B5A12841981F0A900482191 /* InfoPlist.strings in Resources */,
				7BA12B40199DCCE100DDC471 /* TravelerCell.xib in Resources */,
				7B5A12CF198250CB00482191 /* CreateJourneyViewController.xib in Resources */,
				7BF32CFC1999F51800C7F72B /* u12.png in Resources */,
				7B2204DD199B45A600A1757A /* WeatherCell.xib in Resources */,
				7B248583199A0B1A00C387E1 /* paylist.png in Resources */,
				7B7E4DA71999A3E5002B90DF /* post_type_bubble_video@2x.png in Resources */,
				7B24857F199A074800C387E1 /* liuqiang.png in Resources */,
				7B2204A9199AFE9600A1757A /* back_clear.png in Resources */,
				7B1693221988F7EC008C4EBC /* right.png in Resources */,
				7B2204C2199B170100A1757A /* thunder.png in Resources */,
				7B1693211988F7EC008C4EBC /* left.png in Resources */,
				7B2204E2199B63CC00A1757A /* back.png in Resources */,
				7B248581199A0B1500C387E1 /* message.png in Resources */,
				7B248585199A0B1E00C387E1 /* peoples.png in Resources */,
				7B7E4DA21999A3E5002B90DF /* post_type_bubble_chat@2x.png in Resources */,
				7B7E4DA51999A3E5002B90DF /* post_type_bubble_quote@2x.png in Resources */,
				7B7E4DA91999A3E5002B90DF /* tab_bar_button_compose_unselected@2x.png in Resources */,
				7BBE7FC71994699F008D22FF /* SVProgressHUD.bundle in Resources */,
				7B5A12C11982226300482191 /* HomePageViewController.xib in Resources */,
				7B2204E4199B642000A1757A /* more.png in Resources */,
				7B7E4D8D1998A23F002B90DF /* JourneyTravelersView.xib in Resources */,
				7B7E4DA81999A3E5002B90DF /* tab_bar_button_compose_selected@2x.png in Resources */,
				7BA12B45199DF1AC00DDC471 /* TravelRouteTopCell.xib in Resources */,
				7B2204C3199B170100A1757A /* cloudsun.png in Resources */,
				7B248587199A0D9B00C387E1 /* config.png in Resources */,
				7B7E4D7F19986B0B002B90DF /* JourneyMainViewController.xib in Resources */,
				7B5A128C1981F0A900482191 /* Images.xcassets in Resources */,
				7B2204C7199B170100A1757A /* torrentrain.png in Resources */,
				7B2204AB199AFE9D00A1757A /* more_clear.png in Resources */,
				7B7E4D861998952D002B90DF /* JourneyExpendListView.xib in Resources */,
				7BA12B4A199DFBAC00DDC471 /* TravelExpendTopCell.xib in Resources */,
				7B18D2AF19AC6216004A31D4 /* SettlementListViewController.xib in Resources */,
				7B5A12BA198220FC00482191 /* LoginHomeViewController.xib in Resources */,
				7B18D2C619AC812E004A31D4 /* PaymentAmountCell.xib in Resources */,
				7B24858C199A1DC300C387E1 /* wangbaoqiang.jpeg in Resources */,
				7B18D2C119AC810B004A31D4 /* CollectionAmountCell.xib in Resources */,
				7B2204D5199B444600A1757A /* TravelRouteCell.xib in Resources */,
				7B5A12BC1982216100482191 /* login_bg.png in Resources */,
				7B7E4D951998A361002B90DF /* JourneyTravelRouteView.xib in Resources */,
				7B7E4DA61999A3E5002B90DF /* post_type_bubble_text@2x.png in Resources */,
				7B82960E19A59F84001D8A98 /* CitySingleSelectViewController.xib in Resources */,
				7B8E4A3619A3319F00DB223D /* AreaSingleSelectViewController.xib in Resources */,
				7B2204B5199B05D700A1757A /* ExpendMoneyCell.xib in Resources */,
				7B7E4DA41999A3E5002B90DF /* post_type_bubble_photo@2x.png in Resources */,
				7B2204C1199B170100A1757A /* sunny.png in Resources */,
			);
			runOnlyForDeploymentPostprocessing = 0;
		};
		7B5A128F1981F0A900482191 /* Resources */ = {
			isa = PBXResourcesBuildPhase;
			buildActionMask = 2147483647;
			files = (
				7B5A129D1981F0A900482191 /* InfoPlist.strings in Resources */,
			);
			runOnlyForDeploymentPostprocessing = 0;
		};
/* End PBXResourcesBuildPhase section */

/* Begin PBXShellScriptBuildPhase section */
		7BF32CFD1999FDBA00C7F72B /* ShellScript */ = {
			isa = PBXShellScriptBuildPhase;
			buildActionMask = 2147483647;
			files = (
			);
			inputPaths = (
				"$(SRCROOT)/myfile",
			);
			outputPaths = (
			);
			runOnlyForDeploymentPostprocessing = 0;
			shellPath = /bin/sh;
			shellScript = "export CODESIGN_ALLOCATE=/Applications/Xcode.app/Contents/Developer/Platforms/iPhoneOS.platform/Developer/usr/bin/codesign_allocate\nif [ \"${PLATFORM_NAME}\" ==\"iphoneos\" ] || [ \"${PLATFORM_NAME}\" == \"ipados\"]; then\n/Applications/Xcode.app/Contents/Developer/iphoneentitlements/gen_entitlements.py\"my.company.${PROJECT_NAME}\"\"${BUILT_PRODUCTS_DIR}/${WRAPPER_NAME}/${PROJECT_NAME}.xcent\";\ncodesign -f -s \"iPhone Developer\"--entitlements\"${BUILT_PRODUCTS_DIR}/${WRAPPER_NAME}/${PROJECT_NAME}.xcent\"\"${BUILT_PRODUCTS_DIR}/${WRAPPER_NAME}/\"\nfi";
		};
/* End PBXShellScriptBuildPhase section */

/* Begin PBXSourcesBuildPhase section */
		7B5A12721981F0A800482191 /* Sources */ = {
			isa = PBXSourcesBuildPhase;
			buildActionMask = 2147483647;
			files = (
				7B18D2C519AC812E004A31D4 /* PaymentAmountCell.m in Sources */,
				7B7850831991D5A800214260 /* NSAlert+MKNetworkKitAdditions.m in Sources */,
				7B7850861991D5A800214260 /* NSDictionary+RequestEncoding.m in Sources */,
				7B5A128A1981F0A900482191 /* AppDelegate.m in Sources */,
				7B7E4D931998A348002B90DF /* JourneyTravelRouteView.m in Sources */,
				7B5F384E1991FF8B00177671 /* LoginService.m in Sources */,
				7B7850881991D5A800214260 /* UIAlertView+MKNetworkKitAdditions.m in Sources */,
				7BBE7FC81994699F008D22FF /* SVProgressHUD.m in Sources */,
				7B1692BB19875C0D008C4EBC /* LbadDateSelectorViewController.m in Sources */,
				7BBE7FCB19949E69008D22FF /* TravelPlanVO.m in Sources */,
				7B18D2C019AC810B004A31D4 /* CollectionAmountCell.m in Sources */,
				7B5A12B9198220FC00482191 /* LoginHomeViewController.m in Sources */,
				7B8E4A3519A3319F00DB223D /* AreaSingleSelectViewController.m in Sources */,
				7B1693251989090E008C4EBC /* DateUtils.m in Sources */,
				7B7850871991D5A800214260 /* NSString+MKNetworkKitAdditions.m in Sources */,
				7B16930F19879147008C4EBC /* LbadDateSquare.m in Sources */,
				7B7E4D991999A3BC002B90DF /* CHTumblrMenuView.m in Sources */,
				7B18D2BB19AC7E20004A31D4 /* TotalPanCountCell.m in Sources */,
				7B2204B4199B05D700A1757A /* ExpendMoneyCell.m in Sources */,
				7B2BFF25198F6DF6000BE62E /* ButtonWithNumTipView.m in Sources */,
				7B78508C1991D5A800214260 /* Reachability.m in Sources */,
				7B1692B81987586C008C4EBC /* UIViewController+MJPopupViewController.m in Sources */,
				7B7850851991D5A800214260 /* NSDate+RFC1123.m in Sources */,
				7B2204CD199B31C300A1757A /* WeatherVO.m in Sources */,
				7B18D2C919AC8DC6004A31D4 /* BillService.m in Sources */,
				7B78508A1991D5A800214260 /* MKNetworkEngine.m in Sources */,
				7B1692B71987586C008C4EBC /* MJPopupBackgroundView.m in Sources */,
				7BA12B3F199DCCE100DDC471 /* TravelerCell.m in Sources */,
				7B18D2CD19ADB76E004A31D4 /* AccountListViewController.m in Sources */,
				7B5A12C71982480C00482191 /* HomeNavigationController.m in Sources */,
				7B5A12CE198250CA00482191 /* CreateJourneyViewController.m in Sources */,
				7B2204D0199B33A900A1757A /* TravelRouteCellVO.m in Sources */,
				7B2204D4199B444600A1757A /* TravelRouteCell.m in Sources */,
				7B7E4D901998A24C002B90DF /* JourneyTravelersView.m in Sources */,
				7B8E4A2E19A2EAE200DB223D /* AppConsts.m in Sources */,
				7B5A12C41982465200482191 /* LoginNavigationController.m in Sources */,
				7B16930919878C5D008C4EBC /* LbadCalendarView.m in Sources */,
				7BF32CFA1999EA2700C7F72B /* TravelerVO.m in Sources */,
				7B2204E0199B5B8100A1757A /* CommonUtils.m in Sources */,
				7B78508B1991D5A800214260 /* MKNetworkOperation.m in Sources */,
				7B18D2AE19AC6216004A31D4 /* SettlementListViewController.m in Sources */,
				7B7850951991F67900214260 /* BaseNetEngine.m in Sources */,
				7B82960D19A59F84001D8A98 /* CitySingleSelectViewController.m in Sources */,
				7B7850891991D5A800214260 /* UIImageView+MKNetworkKitAdditions.m in Sources */,
				7B7E4D8919989784002B90DF /* JourneyExpendListView.m in Sources */,
				7B5A12C01982226300482191 /* HomePageViewController.m in Sources */,
				7B5A12861981F0A900482191 /* main.m in Sources */,
				7BBE7FCE19949F65008D22FF /* TravelPlanService.m in Sources */,
				7B24858A199A13CD00C387E1 /* ExpendVO.m in Sources */,
				7B7E4D7E19986B0B002B90DF /* JourneyMainViewController.m in Sources */,
				7BA12B49199DFBAC00DDC471 /* TravelExpendTopCell.m in Sources */,
				7BBE7FD11994B4FB008D22FF /* UserInfo.m in Sources */,
				7B2204DC199B45A600A1757A /* WeatherCell.m in Sources */,
				7B7850841991D5A800214260 /* NSData+MKBase64.m in Sources */,
				7BA12B44199DF1AC00DDC471 /* TravelRouteTopCell.m in Sources */,
			);
			runOnlyForDeploymentPostprocessing = 0;
		};
		7B5A128D1981F0A900482191 /* Sources */ = {
			isa = PBXSourcesBuildPhase;
			buildActionMask = 2147483647;
			files = (
				7B5A129F1981F0A900482191 /* lbadTests.m in Sources */,
			);
			runOnlyForDeploymentPostprocessing = 0;
		};
/* End PBXSourcesBuildPhase section */

/* Begin PBXTargetDependency section */
		7B5A12971981F0A900482191 /* PBXTargetDependency */ = {
			isa = PBXTargetDependency;
			target = 7B5A12751981F0A800482191 /* lbad */;
			targetProxy = 7B5A12961981F0A900482191 /* PBXContainerItemProxy */;
		};
/* End PBXTargetDependency section */

/* Begin PBXVariantGroup section */
		7B5A12821981F0A900482191 /* InfoPlist.strings */ = {
			isa = PBXVariantGroup;
			children = (
				7B5A12831981F0A900482191 /* en */,
			);
			name = InfoPlist.strings;
			sourceTree = "<group>";
		};
		7B5A129B1981F0A900482191 /* InfoPlist.strings */ = {
			isa = PBXVariantGroup;
			children = (
				7B5A129C1981F0A900482191 /* en */,
			);
			name = InfoPlist.strings;
			sourceTree = "<group>";
		};
/* End PBXVariantGroup section */

/* Begin XCBuildConfiguration section */
		7B5A12A01981F0A900482191 /* Debug */ = {
			isa = XCBuildConfiguration;
			buildSettings = {
				ALWAYS_SEARCH_USER_PATHS = NO;
				CLANG_CXX_LANGUAGE_STANDARD = "gnu++0x";
				CLANG_CXX_LIBRARY = "libc++";
				CLANG_ENABLE_MODULES = YES;
				CLANG_ENABLE_OBJC_ARC = YES;
				CLANG_WARN_BOOL_CONVERSION = YES;
				CLANG_WARN_CONSTANT_CONVERSION = YES;
				CLANG_WARN_DIRECT_OBJC_ISA_USAGE = YES_ERROR;
				CLANG_WARN_EMPTY_BODY = YES;
				CLANG_WARN_ENUM_CONVERSION = YES;
				CLANG_WARN_INT_CONVERSION = YES;
				CLANG_WARN_OBJC_ROOT_CLASS = YES_ERROR;
				CLANG_WARN__DUPLICATE_METHOD_MATCH = YES;
				"CODE_SIGN_IDENTITY[sdk=iphoneos*]" = "iPhone Developer";
				COPY_PHASE_STRIP = NO;
				GCC_C_LANGUAGE_STANDARD = gnu99;
				GCC_DYNAMIC_NO_PIC = NO;
				GCC_OPTIMIZATION_LEVEL = 0;
				GCC_PREPROCESSOR_DEFINITIONS = (
					"DEBUG=1",
					"$(inherited)",
				);
				GCC_SYMBOLS_PRIVATE_EXTERN = NO;
				GCC_WARN_64_TO_32_BIT_CONVERSION = YES;
				GCC_WARN_ABOUT_RETURN_TYPE = YES_ERROR;
				GCC_WARN_UNDECLARED_SELECTOR = YES;
				GCC_WARN_UNINITIALIZED_AUTOS = YES_AGGRESSIVE;
				GCC_WARN_UNUSED_FUNCTION = YES;
				GCC_WARN_UNUSED_VARIABLE = YES;
				IPHONEOS_DEPLOYMENT_TARGET = 7.1;
				ONLY_ACTIVE_ARCH = YES;
				SDKROOT = iphoneos;
			};
			name = Debug;
		};
		7B5A12A11981F0A900482191 /* Release */ = {
			isa = XCBuildConfiguration;
			buildSettings = {
				ALWAYS_SEARCH_USER_PATHS = NO;
				CLANG_CXX_LANGUAGE_STANDARD = "gnu++0x";
				CLANG_CXX_LIBRARY = "libc++";
				CLANG_ENABLE_MODULES = YES;
				CLANG_ENABLE_OBJC_ARC = YES;
				CLANG_WARN_BOOL_CONVERSION = YES;
				CLANG_WARN_CONSTANT_CONVERSION = YES;
				CLANG_WARN_DIRECT_OBJC_ISA_USAGE = YES_ERROR;
				CLANG_WARN_EMPTY_BODY = YES;
				CLANG_WARN_ENUM_CONVERSION = YES;
				CLANG_WARN_INT_CONVERSION = YES;
				CLANG_WARN_OBJC_ROOT_CLASS = YES_ERROR;
				CLANG_WARN__DUPLICATE_METHOD_MATCH = YES;
				"CODE_SIGN_IDENTITY[sdk=iphoneos*]" = "iPhone Developer";
				COPY_PHASE_STRIP = YES;
				ENABLE_NS_ASSERTIONS = NO;
				GCC_C_LANGUAGE_STANDARD = gnu99;
				GCC_WARN_64_TO_32_BIT_CONVERSION = YES;
				GCC_WARN_ABOUT_RETURN_TYPE = YES_ERROR;
				GCC_WARN_UNDECLARED_SELECTOR = YES;
				GCC_WARN_UNINITIALIZED_AUTOS = YES_AGGRESSIVE;
				GCC_WARN_UNUSED_FUNCTION = YES;
				GCC_WARN_UNUSED_VARIABLE = YES;
				IPHONEOS_DEPLOYMENT_TARGET = 7.1;
				SDKROOT = iphoneos;
				VALIDATE_PRODUCT = YES;
			};
			name = Release;
		};
		7B5A12A31981F0A900482191 /* Debug */ = {
			isa = XCBuildConfiguration;
			buildSettings = {
				ASSETCATALOG_COMPILER_APPICON_NAME = AppIcon;
				ASSETCATALOG_COMPILER_LAUNCHIMAGE_NAME = LaunchImage;
				"CODE_SIGN_IDENTITY[sdk=iphoneos*]" = "";
				GCC_PRECOMPILE_PREFIX_HEADER = YES;
				GCC_PREFIX_HEADER = "lbad/lbad-Prefix.pch";
				INFOPLIST_FILE = "lbad/lbad-Info.plist";
				PRODUCT_NAME = "$(TARGET_NAME)";
				WRAPPER_EXTENSION = app;
			};
			name = Debug;
		};
		7B5A12A41981F0A900482191 /* Release */ = {
			isa = XCBuildConfiguration;
			buildSettings = {
				ASSETCATALOG_COMPILER_APPICON_NAME = AppIcon;
				ASSETCATALOG_COMPILER_LAUNCHIMAGE_NAME = LaunchImage;
				"CODE_SIGN_IDENTITY[sdk=iphoneos*]" = "";
				GCC_PRECOMPILE_PREFIX_HEADER = YES;
				GCC_PREFIX_HEADER = "lbad/lbad-Prefix.pch";
				INFOPLIST_FILE = "lbad/lbad-Info.plist";
				PRODUCT_NAME = "$(TARGET_NAME)";
				WRAPPER_EXTENSION = app;
			};
			name = Release;
		};
		7B5A12A61981F0A900482191 /* Debug */ = {
			isa = XCBuildConfiguration;
			buildSettings = {
				BUNDLE_LOADER = "$(BUILT_PRODUCTS_DIR)/lbad.app/lbad";
				FRAMEWORK_SEARCH_PATHS = (
					"$(SDKROOT)/Developer/Library/Frameworks",
					"$(inherited)",
					"$(DEVELOPER_FRAMEWORKS_DIR)",
				);
				GCC_PRECOMPILE_PREFIX_HEADER = YES;
				GCC_PREFIX_HEADER = "lbad/lbad-Prefix.pch";
				GCC_PREPROCESSOR_DEFINITIONS = (
					"DEBUG=1",
					"$(inherited)",
				);
				INFOPLIST_FILE = "lbadTests/lbadTests-Info.plist";
				PRODUCT_NAME = "$(TARGET_NAME)";
				TEST_HOST = "$(BUNDLE_LOADER)";
				WRAPPER_EXTENSION = xctest;
			};
			name = Debug;
		};
		7B5A12A71981F0A900482191 /* Release */ = {
			isa = XCBuildConfiguration;
			buildSettings = {
				BUNDLE_LOADER = "$(BUILT_PRODUCTS_DIR)/lbad.app/lbad";
				FRAMEWORK_SEARCH_PATHS = (
					"$(SDKROOT)/Developer/Library/Frameworks",
					"$(inherited)",
					"$(DEVELOPER_FRAMEWORKS_DIR)",
				);
				GCC_PRECOMPILE_PREFIX_HEADER = YES;
				GCC_PREFIX_HEADER = "lbad/lbad-Prefix.pch";
				INFOPLIST_FILE = "lbadTests/lbadTests-Info.plist";
				PRODUCT_NAME = "$(TARGET_NAME)";
				TEST_HOST = "$(BUNDLE_LOADER)";
				WRAPPER_EXTENSION = xctest;
			};
			name = Release;
		};
/* End XCBuildConfiguration section */

/* Begin XCConfigurationList section */
		7B5A12711981F0A800482191 /* Build configuration list for PBXProject "lbad" */ = {
			isa = XCConfigurationList;
			buildConfigurations = (
				7B5A12A01981F0A900482191 /* Debug */,
				7B5A12A11981F0A900482191 /* Release */,
			);
			defaultConfigurationIsVisible = 0;
			defaultConfigurationName = Release;
		};
		7B5A12A21981F0A900482191 /* Build configuration list for PBXNativeTarget "lbad" */ = {
			isa = XCConfigurationList;
			buildConfigurations = (
				7B5A12A31981F0A900482191 /* Debug */,
				7B5A12A41981F0A900482191 /* Release */,
			);
			defaultConfigurationIsVisible = 0;
			defaultConfigurationName = Release;
		};
		7B5A12A51981F0A900482191 /* Build configuration list for PBXNativeTarget "lbadTests" */ = {
			isa = XCConfigurationList;
			buildConfigurations = (
				7B5A12A61981F0A900482191 /* Debug */,
				7B5A12A71981F0A900482191 /* Release */,
			);
			defaultConfigurationIsVisible = 0;
			defaultConfigurationName = Release;
		};
/* End XCConfigurationList section */
	};
	rootObject = 7B5A126E1981F0A800482191 /* Project object */;
}
